
Microsoft Visual Studio Solution File, Format Version 12.00
# Visual Studio 15
VisualStudioVersion = 15.0.27130.2036
MinimumVisualStudioVersion = 10.0.40219.1
Project("{FAE04EC0-301F-11D3-BF4B-00C04F79EFBC}") = "MealPrepPlanner.Android", "MealPrepPlanner\MealPrepPlanner.Android\MealPrepPlanner.Android.csproj", "{457C7AD5-7CF9-4D66-A150-C29F8D9BC6B0}"
EndProject
Project("{FAE04EC0-301F-11D3-BF4B-00C04F79EFBC}") = "MealPrepPlanner.iOS", "MealPrepPlanner\MealPrepPlanner.iOS\MealPrepPlanner.iOS.csproj", "{B881B3C7-17E0-481D-BF72-AB5EAB3C8720}"
EndProject
Project("{FAE04EC0-301F-11D3-BF4B-00C04F79EFBC}") = "MealPrepPlanner.UWP", "MealPrepPlanner\MealPrepPlanner.UWP\MealPrepPlanner.UWP.csproj", "{9F3837CF-F433-497C-BAD4-AE9512E540B9}"
EndProject
Project("{D954291E-2A0B-460D-934E-DC6B0785DB48}") = "MealPrepPlanner", "MealPrepPlanner\MealPrepPlanner\MealPrepPlanner.shproj", "{1E022F68-8C72-49FC-8A8A-B088643207A2}"
EndProject
Project("{FAE04EC0-301F-11D3-BF4B-00C04F79EFBC}") = "MeapPrepPlanner.Api", "MeapPrepPlanner.Api\MeapPrepPlanner.Api.csproj", "{FC649079-EAE4-4B78-B3B4-383685A9CBE1}"
EndProject
Project("{FAE04EC0-301F-11D3-BF4B-00C04F79EFBC}") = "MealPrepPlanner.Entities", "MealPrepPlanner.Entities\MealPrepPlanner.Entities.csproj", "{D37B388D-704C-4E3F-91C4-76D74C2E63DB}"
EndProject
Project("{FAE04EC0-301F-11D3-BF4B-00C04F79EFBC}") = "MealPrepPlanner.Services.Interfaces", "MealPrepPlanner.Services.Interfaces\MealPrepPlanner.Services.Interfaces.csproj", "{68454FD9-D3EE-4596-AD58-A4C11D185125}"
EndProject
Project("{FAE04EC0-301F-11D3-BF4B-00C04F79EFBC}") = "MealPrepPlanner.Services", "MealPrepPlanner.Services\MealPrepPlanner.Services.csproj", "{A1316798-BC1B-43D3-B045-12615D0B160A}"
EndProject
Project("{FAE04EC0-301F-11D3-BF4B-00C04F79EFBC}") = "MealPrepPlanner.Tests", "MealPrepPlanner.Tests\MealPrepPlanner.Tests.csproj", "{87A282E6-134B-4A93-B78F-B1A8422BB348}"
EndProject
Project("{FAE04EC0-301F-11D3-BF4B-00C04F79EFBC}") = "MealPrepPlanner.Repositiories", "MealPrepPlanner.Repositiories\MealPrepPlanner.Repositiories.csproj", "{7B07D103-A2E6-48BA-A03C-726E4B516225}"
EndProject
Project("{FAE04EC0-301F-11D3-BF4B-00C04F79EFBC}") = "MealPrepPlanner.Repositiories.Interfaces", "MealPrepPlanner.Repositiories.Interfaces\MealPrepPlanner.Repositiories.Interfaces.csproj", "{11311724-28AB-47B0-A8C1-30CAF87F0A93}"
EndProject
Project("{FAE04EC0-301F-11D3-BF4B-00C04F79EFBC}") = "MealPrepPlanner.Client", "MealPrepPlanner.RestClient\MealPrepPlanner.Client.csproj", "{75C0250B-FB14-4D84-BE97-1C04AE47D8EF}"
EndProject
Global
	GlobalSection(SharedMSBuildProjectFiles) = preSolution
		MealPrepPlanner\MealPrepPlanner\MealPrepPlanner.projitems*{1e022f68-8c72-49fc-8a8a-b088643207a2}*SharedItemsImports = 13
		MealPrepPlanner\MealPrepPlanner\MealPrepPlanner.projitems*{457c7ad5-7cf9-4d66-a150-c29f8d9bc6b0}*SharedItemsImports = 4
		MealPrepPlanner\MealPrepPlanner\MealPrepPlanner.projitems*{9f3837cf-f433-497c-bad4-ae9512e540b9}*SharedItemsImports = 4
		MealPrepPlanner\MealPrepPlanner\MealPrepPlanner.projitems*{b881b3c7-17e0-481d-bf72-ab5eab3c8720}*SharedItemsImports = 4
	EndGlobalSection
	GlobalSection(SolutionConfigurationPlatforms) = preSolution
		Ad-Hoc|Any CPU = Ad-Hoc|Any CPU
		Ad-Hoc|ARM = Ad-Hoc|ARM
		Ad-Hoc|iPhone = Ad-Hoc|iPhone
		Ad-Hoc|iPhoneSimulator = Ad-Hoc|iPhoneSimulator
		Ad-Hoc|x64 = Ad-Hoc|x64
		Ad-Hoc|x86 = Ad-Hoc|x86
		AppStore|Any CPU = AppStore|Any CPU
		AppStore|ARM = AppStore|ARM
		AppStore|iPhone = AppStore|iPhone
		AppStore|iPhoneSimulator = AppStore|iPhoneSimulator
		AppStore|x64 = AppStore|x64
		AppStore|x86 = AppStore|x86
		Debug|Any CPU = Debug|Any CPU
		Debug|ARM = Debug|ARM
		Debug|iPhone = Debug|iPhone
		Debug|iPhoneSimulator = Debug|iPhoneSimulator
		Debug|x64 = Debug|x64
		Debug|x86 = Debug|x86
		Release|Any CPU = Release|Any CPU
		Release|ARM = Release|ARM
		Release|iPhone = Release|iPhone
		Release|iPhoneSimulator = Release|iPhoneSimulator
		Release|x64 = Release|x64
		Release|x86 = Release|x86
	EndGlobalSection
	GlobalSection(ProjectConfigurationPlatforms) = postSolution
		{457C7AD5-7CF9-4D66-A150-C29F8D9BC6B0}.Ad-Hoc|Any CPU.ActiveCfg = Release|Any CPU
		{457C7AD5-7CF9-4D66-A150-C29F8D9BC6B0}.Ad-Hoc|Any CPU.Build.0 = Release|Any CPU
		{457C7AD5-7CF9-4D66-A150-C29F8D9BC6B0}.Ad-Hoc|Any CPU.Deploy.0 = Release|Any CPU
		{457C7AD5-7CF9-4D66-A150-C29F8D9BC6B0}.Ad-Hoc|ARM.ActiveCfg = Release|Any CPU
		{457C7AD5-7CF9-4D66-A150-C29F8D9BC6B0}.Ad-Hoc|ARM.Build.0 = Release|Any CPU
		{457C7AD5-7CF9-4D66-A150-C29F8D9BC6B0}.Ad-Hoc|ARM.Deploy.0 = Release|Any CPU
		{457C7AD5-7CF9-4D66-A150-C29F8D9BC6B0}.Ad-Hoc|iPhone.ActiveCfg = Release|Any CPU
		{457C7AD5-7CF9-4D66-A150-C29F8D9BC6B0}.Ad-Hoc|iPhone.Build.0 = Release|Any CPU
		{457C7AD5-7CF9-4D66-A150-C29F8D9BC6B0}.Ad-Hoc|iPhone.Deploy.0 = Release|Any CPU
		{457C7AD5-7CF9-4D66-A150-C29F8D9BC6B0}.Ad-Hoc|iPhoneSimulator.ActiveCfg = Release|Any CPU
		{457C7AD5-7CF9-4D66-A150-C29F8D9BC6B0}.Ad-Hoc|iPhoneSimulator.Build.0 = Release|Any CPU
		{457C7AD5-7CF9-4D66-A150-C29F8D9BC6B0}.Ad-Hoc|iPhoneSimulator.Deploy.0 = Release|Any CPU
		{457C7AD5-7CF9-4D66-A150-C29F8D9BC6B0}.Ad-Hoc|x64.ActiveCfg = Release|Any CPU
		{457C7AD5-7CF9-4D66-A150-C29F8D9BC6B0}.Ad-Hoc|x64.Build.0 = Release|Any CPU
		{457C7AD5-7CF9-4D66-A150-C29F8D9BC6B0}.Ad-Hoc|x64.Deploy.0 = Release|Any CPU
		{457C7AD5-7CF9-4D66-A150-C29F8D9BC6B0}.Ad-Hoc|x86.ActiveCfg = Release|Any CPU
		{457C7AD5-7CF9-4D66-A150-C29F8D9BC6B0}.Ad-Hoc|x86.Build.0 = Release|Any CPU
		{457C7AD5-7CF9-4D66-A150-C29F8D9BC6B0}.Ad-Hoc|x86.Deploy.0 = Release|Any CPU
		{457C7AD5-7CF9-4D66-A150-C29F8D9BC6B0}.AppStore|Any CPU.ActiveCfg = Release|Any CPU
		{457C7AD5-7CF9-4D66-A150-C29F8D9BC6B0}.AppStore|Any CPU.Build.0 = Release|Any CPU
		{457C7AD5-7CF9-4D66-A150-C29F8D9BC6B0}.AppStore|Any CPU.Deploy.0 = Release|Any CPU
		{457C7AD5-7CF9-4D66-A150-C29F8D9BC6B0}.AppStore|ARM.ActiveCfg = Release|Any CPU
		{457C7AD5-7CF9-4D66-A150-C29F8D9BC6B0}.AppStore|ARM.Build.0 = Release|Any CPU
		{457C7AD5-7CF9-4D66-A150-C29F8D9BC6B0}.AppStore|ARM.Deploy.0 = Release|Any CPU
		{457C7AD5-7CF9-4D66-A150-C29F8D9BC6B0}.AppStore|iPhone.ActiveCfg = Release|Any CPU
		{457C7AD5-7CF9-4D66-A150-C29F8D9BC6B0}.AppStore|iPhone.Build.0 = Release|Any CPU
		{457C7AD5-7CF9-4D66-A150-C29F8D9BC6B0}.AppStore|iPhone.Deploy.0 = Release|Any CPU
		{457C7AD5-7CF9-4D66-A150-C29F8D9BC6B0}.AppStore|iPhoneSimulator.ActiveCfg = Release|Any CPU
		{457C7AD5-7CF9-4D66-A150-C29F8D9BC6B0}.AppStore|iPhoneSimulator.Build.0 = Release|Any CPU
		{457C7AD5-7CF9-4D66-A150-C29F8D9BC6B0}.AppStore|iPhoneSimulator.Deploy.0 = Release|Any CPU
		{457C7AD5-7CF9-4D66-A150-C29F8D9BC6B0}.AppStore|x64.ActiveCfg = Release|Any CPU
		{457C7AD5-7CF9-4D66-A150-C29F8D9BC6B0}.AppStore|x64.Build.0 = Release|Any CPU
		{457C7AD5-7CF9-4D66-A150-C29F8D9BC6B0}.AppStore|x64.Deploy.0 = Release|Any CPU
		{457C7AD5-7CF9-4D66-A150-C29F8D9BC6B0}.AppStore|x86.ActiveCfg = Release|Any CPU
		{457C7AD5-7CF9-4D66-A150-C29F8D9BC6B0}.AppStore|x86.Build.0 = Release|Any CPU
		{457C7AD5-7CF9-4D66-A150-C29F8D9BC6B0}.AppStore|x86.Deploy.0 = Release|Any CPU
		{457C7AD5-7CF9-4D66-A150-C29F8D9BC6B0}.Debug|Any CPU.ActiveCfg = Debug|Any CPU
		{457C7AD5-7CF9-4D66-A150-C29F8D9BC6B0}.Debug|Any CPU.Build.0 = Debug|Any CPU
		{457C7AD5-7CF9-4D66-A150-C29F8D9BC6B0}.Debug|Any CPU.Deploy.0 = Debug|Any CPU
		{457C7AD5-7CF9-4D66-A150-C29F8D9BC6B0}.Debug|ARM.ActiveCfg = Debug|Any CPU
		{457C7AD5-7CF9-4D66-A150-C29F8D9BC6B0}.Debug|ARM.Build.0 = Debug|Any CPU
		{457C7AD5-7CF9-4D66-A150-C29F8D9BC6B0}.Debug|ARM.Deploy.0 = Debug|Any CPU
		{457C7AD5-7CF9-4D66-A150-C29F8D9BC6B0}.Debug|iPhone.ActiveCfg = Debug|Any CPU
		{457C7AD5-7CF9-4D66-A150-C29F8D9BC6B0}.Debug|iPhone.Build.0 = Debug|Any CPU
		{457C7AD5-7CF9-4D66-A150-C29F8D9BC6B0}.Debug|iPhone.Deploy.0 = Debug|Any CPU
		{457C7AD5-7CF9-4D66-A150-C29F8D9BC6B0}.Debug|iPhoneSimulator.ActiveCfg = Debug|Any CPU
		{457C7AD5-7CF9-4D66-A150-C29F8D9BC6B0}.Debug|iPhoneSimulator.Build.0 = Debug|Any CPU
		{457C7AD5-7CF9-4D66-A150-C29F8D9BC6B0}.Debug|iPhoneSimulator.Deploy.0 = Debug|Any CPU
		{457C7AD5-7CF9-4D66-A150-C29F8D9BC6B0}.Debug|x64.ActiveCfg = Debug|Any CPU
		{457C7AD5-7CF9-4D66-A150-C29F8D9BC6B0}.Debug|x64.Build.0 = Debug|Any CPU
		{457C7AD5-7CF9-4D66-A150-C29F8D9BC6B0}.Debug|x64.Deploy.0 = Debug|Any CPU
		{457C7AD5-7CF9-4D66-A150-C29F8D9BC6B0}.Debug|x86.ActiveCfg = Debug|Any CPU
		{457C7AD5-7CF9-4D66-A150-C29F8D9BC6B0}.Debug|x86.Build.0 = Debug|Any CPU
		{457C7AD5-7CF9-4D66-A150-C29F8D9BC6B0}.Debug|x86.Deploy.0 = Debug|Any CPU
		{457C7AD5-7CF9-4D66-A150-C29F8D9BC6B0}.Release|Any CPU.ActiveCfg = Release|Any CPU
		{457C7AD5-7CF9-4D66-A150-C29F8D9BC6B0}.Release|Any CPU.Build.0 = Release|Any CPU
		{457C7AD5-7CF9-4D66-A150-C29F8D9BC6B0}.Release|Any CPU.Deploy.0 = Release|Any CPU
		{457C7AD5-7CF9-4D66-A150-C29F8D9BC6B0}.Release|ARM.ActiveCfg = Release|Any CPU
		{457C7AD5-7CF9-4D66-A150-C29F8D9BC6B0}.Release|ARM.Build.0 = Release|Any CPU
		{457C7AD5-7CF9-4D66-A150-C29F8D9BC6B0}.Release|ARM.Deploy.0 = Release|Any CPU
		{457C7AD5-7CF9-4D66-A150-C29F8D9BC6B0}.Release|iPhone.ActiveCfg = Release|Any CPU
		{457C7AD5-7CF9-4D66-A150-C29F8D9BC6B0}.Release|iPhone.Build.0 = Release|Any CPU
		{457C7AD5-7CF9-4D66-A150-C29F8D9BC6B0}.Release|iPhone.Deploy.0 = Release|Any CPU
		{457C7AD5-7CF9-4D66-A150-C29F8D9BC6B0}.Release|iPhoneSimulator.ActiveCfg = Release|Any CPU
		{457C7AD5-7CF9-4D66-A150-C29F8D9BC6B0}.Release|iPhoneSimulator.Build.0 = Release|Any CPU
		{457C7AD5-7CF9-4D66-A150-C29F8D9BC6B0}.Release|iPhoneSimulator.Deploy.0 = Release|Any CPU
		{457C7AD5-7CF9-4D66-A150-C29F8D9BC6B0}.Release|x64.ActiveCfg = Release|Any CPU
		{457C7AD5-7CF9-4D66-A150-C29F8D9BC6B0}.Release|x64.Build.0 = Release|Any CPU
		{457C7AD5-7CF9-4D66-A150-C29F8D9BC6B0}.Release|x64.Deploy.0 = Release|Any CPU
		{457C7AD5-7CF9-4D66-A150-C29F8D9BC6B0}.Release|x86.ActiveCfg = Release|Any CPU
		{457C7AD5-7CF9-4D66-A150-C29F8D9BC6B0}.Release|x86.Build.0 = Release|Any CPU
		{457C7AD5-7CF9-4D66-A150-C29F8D9BC6B0}.Release|x86.Deploy.0 = Release|Any CPU
		{B881B3C7-17E0-481D-BF72-AB5EAB3C8720}.Ad-Hoc|Any CPU.ActiveCfg = Ad-Hoc|iPhone
		{B881B3C7-17E0-481D-BF72-AB5EAB3C8720}.Ad-Hoc|ARM.ActiveCfg = Ad-Hoc|iPhone
		{B881B3C7-17E0-481D-BF72-AB5EAB3C8720}.Ad-Hoc|iPhone.ActiveCfg = Ad-Hoc|iPhone
		{B881B3C7-17E0-481D-BF72-AB5EAB3C8720}.Ad-Hoc|iPhone.Build.0 = Ad-Hoc|iPhone
		{B881B3C7-17E0-481D-BF72-AB5EAB3C8720}.Ad-Hoc|iPhoneSimulator.ActiveCfg = Ad-Hoc|iPhoneSimulator
		{B881B3C7-17E0-481D-BF72-AB5EAB3C8720}.Ad-Hoc|iPhoneSimulator.Build.0 = Ad-Hoc|iPhoneSimulator
		{B881B3C7-17E0-481D-BF72-AB5EAB3C8720}.Ad-Hoc|x64.ActiveCfg = Ad-Hoc|iPhone
		{B881B3C7-17E0-481D-BF72-AB5EAB3C8720}.Ad-Hoc|x86.ActiveCfg = Ad-Hoc|iPhone
		{B881B3C7-17E0-481D-BF72-AB5EAB3C8720}.AppStore|Any CPU.ActiveCfg = AppStore|iPhone
		{B881B3C7-17E0-481D-BF72-AB5EAB3C8720}.AppStore|ARM.ActiveCfg = AppStore|iPhone
		{B881B3C7-17E0-481D-BF72-AB5EAB3C8720}.AppStore|iPhone.ActiveCfg = AppStore|iPhone
		{B881B3C7-17E0-481D-BF72-AB5EAB3C8720}.AppStore|iPhone.Build.0 = AppStore|iPhone
		{B881B3C7-17E0-481D-BF72-AB5EAB3C8720}.AppStore|iPhoneSimulator.ActiveCfg = AppStore|iPhoneSimulator
		{B881B3C7-17E0-481D-BF72-AB5EAB3C8720}.AppStore|iPhoneSimulator.Build.0 = AppStore|iPhoneSimulator
		{B881B3C7-17E0-481D-BF72-AB5EAB3C8720}.AppStore|x64.ActiveCfg = AppStore|iPhone
		{B881B3C7-17E0-481D-BF72-AB5EAB3C8720}.AppStore|x86.ActiveCfg = AppStore|iPhone
		{B881B3C7-17E0-481D-BF72-AB5EAB3C8720}.Debug|Any CPU.ActiveCfg = Debug|iPhone
		{B881B3C7-17E0-481D-BF72-AB5EAB3C8720}.Debug|ARM.ActiveCfg = Debug|iPhone
		{B881B3C7-17E0-481D-BF72-AB5EAB3C8720}.Debug|iPhone.ActiveCfg = Debug|iPhone
		{B881B3C7-17E0-481D-BF72-AB5EAB3C8720}.Debug|iPhone.Build.0 = Debug|iPhone
		{B881B3C7-17E0-481D-BF72-AB5EAB3C8720}.Debug|iPhoneSimulator.ActiveCfg = Debug|iPhoneSimulator
		{B881B3C7-17E0-481D-BF72-AB5EAB3C8720}.Debug|iPhoneSimulator.Build.0 = Debug|iPhoneSimulator
		{B881B3C7-17E0-481D-BF72-AB5EAB3C8720}.Debug|x64.ActiveCfg = Debug|iPhone
		{B881B3C7-17E0-481D-BF72-AB5EAB3C8720}.Debug|x86.ActiveCfg = Debug|iPhone
		{B881B3C7-17E0-481D-BF72-AB5EAB3C8720}.Release|Any CPU.ActiveCfg = Release|iPhone
		{B881B3C7-17E0-481D-BF72-AB5EAB3C8720}.Release|ARM.ActiveCfg = Release|iPhone
		{B881B3C7-17E0-481D-BF72-AB5EAB3C8720}.Release|iPhone.ActiveCfg = Release|iPhone
		{B881B3C7-17E0-481D-BF72-AB5EAB3C8720}.Release|iPhone.Build.0 = Release|iPhone
		{B881B3C7-17E0-481D-BF72-AB5EAB3C8720}.Release|iPhoneSimulator.ActiveCfg = Release|iPhoneSimulator
		{B881B3C7-17E0-481D-BF72-AB5EAB3C8720}.Release|iPhoneSimulator.Build.0 = Release|iPhoneSimulator
		{B881B3C7-17E0-481D-BF72-AB5EAB3C8720}.Release|x64.ActiveCfg = Release|iPhone
		{B881B3C7-17E0-481D-BF72-AB5EAB3C8720}.Release|x86.ActiveCfg = Release|iPhone
		{9F3837CF-F433-497C-BAD4-AE9512E540B9}.Ad-Hoc|Any CPU.ActiveCfg = Release|x86
		{9F3837CF-F433-497C-BAD4-AE9512E540B9}.Ad-Hoc|Any CPU.Build.0 = Release|x86
		{9F3837CF-F433-497C-BAD4-AE9512E540B9}.Ad-Hoc|Any CPU.Deploy.0 = Release|x86
		{9F3837CF-F433-497C-BAD4-AE9512E540B9}.Ad-Hoc|ARM.ActiveCfg = Release|ARM
		{9F3837CF-F433-497C-BAD4-AE9512E540B9}.Ad-Hoc|ARM.Build.0 = Release|ARM
		{9F3837CF-F433-497C-BAD4-AE9512E540B9}.Ad-Hoc|ARM.Deploy.0 = Release|ARM
		{9F3837CF-F433-497C-BAD4-AE9512E540B9}.Ad-Hoc|iPhone.ActiveCfg = Release|x86
		{9F3837CF-F433-497C-BAD4-AE9512E540B9}.Ad-Hoc|iPhone.Build.0 = Release|x86
		{9F3837CF-F433-497C-BAD4-AE9512E540B9}.Ad-Hoc|iPhone.Deploy.0 = Release|x86
		{9F3837CF-F433-497C-BAD4-AE9512E540B9}.Ad-Hoc|iPhoneSimulator.ActiveCfg = Release|x86
		{9F3837CF-F433-497C-BAD4-AE9512E540B9}.Ad-Hoc|iPhoneSimulator.Build.0 = Release|x86
		{9F3837CF-F433-497C-BAD4-AE9512E540B9}.Ad-Hoc|iPhoneSimulator.Deploy.0 = Release|x86
		{9F3837CF-F433-497C-BAD4-AE9512E540B9}.Ad-Hoc|x64.ActiveCfg = Release|x64
		{9F3837CF-F433-497C-BAD4-AE9512E540B9}.Ad-Hoc|x64.Build.0 = Release|x64
		{9F3837CF-F433-497C-BAD4-AE9512E540B9}.Ad-Hoc|x64.Deploy.0 = Release|x64
		{9F3837CF-F433-497C-BAD4-AE9512E540B9}.Ad-Hoc|x86.ActiveCfg = Release|x86
		{9F3837CF-F433-497C-BAD4-AE9512E540B9}.Ad-Hoc|x86.Build.0 = Release|x86
		{9F3837CF-F433-497C-BAD4-AE9512E540B9}.Ad-Hoc|x86.Deploy.0 = Release|x86
		{9F3837CF-F433-497C-BAD4-AE9512E540B9}.AppStore|Any CPU.ActiveCfg = Release|x86
		{9F3837CF-F433-497C-BAD4-AE9512E540B9}.AppStore|Any CPU.Build.0 = Release|x86
		{9F3837CF-F433-497C-BAD4-AE9512E540B9}.AppStore|Any CPU.Deploy.0 = Release|x86
		{9F3837CF-F433-497C-BAD4-AE9512E540B9}.AppStore|ARM.ActiveCfg = Release|ARM
		{9F3837CF-F433-497C-BAD4-AE9512E540B9}.AppStore|ARM.Build.0 = Release|ARM
		{9F3837CF-F433-497C-BAD4-AE9512E540B9}.AppStore|ARM.Deploy.0 = Release|ARM
		{9F3837CF-F433-497C-BAD4-AE9512E540B9}.AppStore|iPhone.ActiveCfg = Release|x86
		{9F3837CF-F433-497C-BAD4-AE9512E540B9}.AppStore|iPhone.Build.0 = Release|x86
		{9F3837CF-F433-497C-BAD4-AE9512E540B9}.AppStore|iPhone.Deploy.0 = Release|x86
		{9F3837CF-F433-497C-BAD4-AE9512E540B9}.AppStore|iPhoneSimulator.ActiveCfg = Release|x86
		{9F3837CF-F433-497C-BAD4-AE9512E540B9}.AppStore|iPhoneSimulator.Build.0 = Release|x86
		{9F3837CF-F433-497C-BAD4-AE9512E540B9}.AppStore|iPhoneSimulator.Deploy.0 = Release|x86
		{9F3837CF-F433-497C-BAD4-AE9512E540B9}.AppStore|x64.ActiveCfg = Release|x64
		{9F3837CF-F433-497C-BAD4-AE9512E540B9}.AppStore|x64.Build.0 = Release|x64
		{9F3837CF-F433-497C-BAD4-AE9512E540B9}.AppStore|x64.Deploy.0 = Release|x64
		{9F3837CF-F433-497C-BAD4-AE9512E540B9}.AppStore|x86.ActiveCfg = Release|x86
		{9F3837CF-F433-497C-BAD4-AE9512E540B9}.AppStore|x86.Build.0 = Release|x86
		{9F3837CF-F433-497C-BAD4-AE9512E540B9}.AppStore|x86.Deploy.0 = Release|x86
		{9F3837CF-F433-497C-BAD4-AE9512E540B9}.Debug|Any CPU.ActiveCfg = Debug|x86
		{9F3837CF-F433-497C-BAD4-AE9512E540B9}.Debug|ARM.ActiveCfg = Debug|ARM
		{9F3837CF-F433-497C-BAD4-AE9512E540B9}.Debug|ARM.Build.0 = Debug|ARM
		{9F3837CF-F433-497C-BAD4-AE9512E540B9}.Debug|ARM.Deploy.0 = Debug|ARM
		{9F3837CF-F433-497C-BAD4-AE9512E540B9}.Debug|iPhone.ActiveCfg = Debug|x86
		{9F3837CF-F433-497C-BAD4-AE9512E540B9}.Debug|iPhoneSimulator.ActiveCfg = Debug|x86
		{9F3837CF-F433-497C-BAD4-AE9512E540B9}.Debug|x64.ActiveCfg = Debug|x64
		{9F3837CF-F433-497C-BAD4-AE9512E540B9}.Debug|x64.Build.0 = Debug|x64
		{9F3837CF-F433-497C-BAD4-AE9512E540B9}.Debug|x64.Deploy.0 = Debug|x64
		{9F3837CF-F433-497C-BAD4-AE9512E540B9}.Debug|x86.ActiveCfg = Debug|x86
		{9F3837CF-F433-497C-BAD4-AE9512E540B9}.Debug|x86.Build.0 = Debug|x86
		{9F3837CF-F433-497C-BAD4-AE9512E540B9}.Debug|x86.Deploy.0 = Debug|x86
		{9F3837CF-F433-497C-BAD4-AE9512E540B9}.Release|Any CPU.ActiveCfg = Release|x86
		{9F3837CF-F433-497C-BAD4-AE9512E540B9}.Release|ARM.ActiveCfg = Release|ARM
		{9F3837CF-F433-497C-BAD4-AE9512E540B9}.Release|ARM.Build.0 = Release|ARM
		{9F3837CF-F433-497C-BAD4-AE9512E540B9}.Release|ARM.Deploy.0 = Release|ARM
		{9F3837CF-F433-497C-BAD4-AE9512E540B9}.Release|iPhone.ActiveCfg = Release|x86
		{9F3837CF-F433-497C-BAD4-AE9512E540B9}.Release|iPhoneSimulator.ActiveCfg = Release|x86
		{9F3837CF-F433-497C-BAD4-AE9512E540B9}.Release|x64.ActiveCfg = Release|x64
		{9F3837CF-F433-497C-BAD4-AE9512E540B9}.Release|x64.Build.0 = Release|x64
		{9F3837CF-F433-497C-BAD4-AE9512E540B9}.Release|x64.Deploy.0 = Release|x64
		{9F3837CF-F433-497C-BAD4-AE9512E540B9}.Release|x86.ActiveCfg = Release|x86
		{9F3837CF-F433-497C-BAD4-AE9512E540B9}.Release|x86.Build.0 = Release|x86
		{9F3837CF-F433-497C-BAD4-AE9512E540B9}.Release|x86.Deploy.0 = Release|x86
		{FC649079-EAE4-4B78-B3B4-383685A9CBE1}.Ad-Hoc|Any CPU.ActiveCfg = Debug|Any CPU
		{FC649079-EAE4-4B78-B3B4-383685A9CBE1}.Ad-Hoc|Any CPU.Build.0 = Debug|Any CPU
		{FC649079-EAE4-4B78-B3B4-383685A9CBE1}.Ad-Hoc|ARM.ActiveCfg = Debug|Any CPU
		{FC649079-EAE4-4B78-B3B4-383685A9CBE1}.Ad-Hoc|ARM.Build.0 = Debug|Any CPU
		{FC649079-EAE4-4B78-B3B4-383685A9CBE1}.Ad-Hoc|iPhone.ActiveCfg = Debug|Any CPU
		{FC649079-EAE4-4B78-B3B4-383685A9CBE1}.Ad-Hoc|iPhone.Build.0 = Debug|Any CPU
		{FC649079-EAE4-4B78-B3B4-383685A9CBE1}.Ad-Hoc|iPhoneSimulator.ActiveCfg = Debug|Any CPU
		{FC649079-EAE4-4B78-B3B4-383685A9CBE1}.Ad-Hoc|iPhoneSimulator.Build.0 = Debug|Any CPU
		{FC649079-EAE4-4B78-B3B4-383685A9CBE1}.Ad-Hoc|x64.ActiveCfg = Debug|Any CPU
		{FC649079-EAE4-4B78-B3B4-383685A9CBE1}.Ad-Hoc|x64.Build.0 = Debug|Any CPU
		{FC649079-EAE4-4B78-B3B4-383685A9CBE1}.Ad-Hoc|x86.ActiveCfg = Debug|Any CPU
		{FC649079-EAE4-4B78-B3B4-383685A9CBE1}.Ad-Hoc|x86.Build.0 = Debug|Any CPU
		{FC649079-EAE4-4B78-B3B4-383685A9CBE1}.AppStore|Any CPU.ActiveCfg = Debug|Any CPU
		{FC649079-EAE4-4B78-B3B4-383685A9CBE1}.AppStore|Any CPU.Build.0 = Debug|Any CPU
		{FC649079-EAE4-4B78-B3B4-383685A9CBE1}.AppStore|ARM.ActiveCfg = Debug|Any CPU
		{FC649079-EAE4-4B78-B3B4-383685A9CBE1}.AppStore|ARM.Build.0 = Debug|Any CPU
		{FC649079-EAE4-4B78-B3B4-383685A9CBE1}.AppStore|iPhone.ActiveCfg = Debug|Any CPU
		{FC649079-EAE4-4B78-B3B4-383685A9CBE1}.AppStore|iPhone.Build.0 = Debug|Any CPU
		{FC649079-EAE4-4B78-B3B4-383685A9CBE1}.AppStore|iPhoneSimulator.ActiveCfg = Debug|Any CPU
		{FC649079-EAE4-4B78-B3B4-383685A9CBE1}.AppStore|iPhoneSimulator.Build.0 = Debug|Any CPU
		{FC649079-EAE4-4B78-B3B4-383685A9CBE1}.AppStore|x64.ActiveCfg = Debug|Any CPU
		{FC649079-EAE4-4B78-B3B4-383685A9CBE1}.AppStore|x64.Build.0 = Debug|Any CPU
		{FC649079-EAE4-4B78-B3B4-383685A9CBE1}.AppStore|x86.ActiveCfg = Debug|Any CPU
		{FC649079-EAE4-4B78-B3B4-383685A9CBE1}.AppStore|x86.Build.0 = Debug|Any CPU
		{FC649079-EAE4-4B78-B3B4-383685A9CBE1}.Debug|Any CPU.ActiveCfg = Debug|Any CPU
		{FC649079-EAE4-4B78-B3B4-383685A9CBE1}.Debug|Any CPU.Build.0 = Debug|Any CPU
		{FC649079-EAE4-4B78-B3B4-383685A9CBE1}.Debug|ARM.ActiveCfg = Debug|Any CPU
		{FC649079-EAE4-4B78-B3B4-383685A9CBE1}.Debug|ARM.Build.0 = Debug|Any CPU
		{FC649079-EAE4-4B78-B3B4-383685A9CBE1}.Debug|iPhone.ActiveCfg = Debug|Any CPU
		{FC649079-EAE4-4B78-B3B4-383685A9CBE1}.Debug|iPhone.Build.0 = Debug|Any CPU
		{FC649079-EAE4-4B78-B3B4-383685A9CBE1}.Debug|iPhoneSimulator.ActiveCfg = Debug|Any CPU
		{FC649079-EAE4-4B78-B3B4-383685A9CBE1}.Debug|iPhoneSimulator.Build.0 = Debug|Any CPU
		{FC649079-EAE4-4B78-B3B4-383685A9CBE1}.Debug|x64.ActiveCfg = Debug|Any CPU
		{FC649079-EAE4-4B78-B3B4-383685A9CBE1}.Debug|x64.Build.0 = Debug|Any CPU
		{FC649079-EAE4-4B78-B3B4-383685A9CBE1}.Debug|x86.ActiveCfg = Debug|Any CPU
		{FC649079-EAE4-4B78-B3B4-383685A9CBE1}.Debug|x86.Build.0 = Debug|Any CPU
		{FC649079-EAE4-4B78-B3B4-383685A9CBE1}.Release|Any CPU.ActiveCfg = Release|Any CPU
		{FC649079-EAE4-4B78-B3B4-383685A9CBE1}.Release|Any CPU.Build.0 = Release|Any CPU
		{FC649079-EAE4-4B78-B3B4-383685A9CBE1}.Release|ARM.ActiveCfg = Release|Any CPU
		{FC649079-EAE4-4B78-B3B4-383685A9CBE1}.Release|ARM.Build.0 = Release|Any CPU
		{FC649079-EAE4-4B78-B3B4-383685A9CBE1}.Release|iPhone.ActiveCfg = Release|Any CPU
		{FC649079-EAE4-4B78-B3B4-383685A9CBE1}.Release|iPhone.Build.0 = Release|Any CPU
		{FC649079-EAE4-4B78-B3B4-383685A9CBE1}.Release|iPhoneSimulator.ActiveCfg = Release|Any CPU
		{FC649079-EAE4-4B78-B3B4-383685A9CBE1}.Release|iPhoneSimulator.Build.0 = Release|Any CPU
		{FC649079-EAE4-4B78-B3B4-383685A9CBE1}.Release|x64.ActiveCfg = Release|Any CPU
		{FC649079-EAE4-4B78-B3B4-383685A9CBE1}.Release|x64.Build.0 = Release|Any CPU
		{FC649079-EAE4-4B78-B3B4-383685A9CBE1}.Release|x86.ActiveCfg = Release|Any CPU
		{FC649079-EAE4-4B78-B3B4-383685A9CBE1}.Release|x86.Build.0 = Release|Any CPU
		{D37B388D-704C-4E3F-91C4-76D74C2E63DB}.Ad-Hoc|Any CPU.ActiveCfg = Debug|Any CPU
		{D37B388D-704C-4E3F-91C4-76D74C2E63DB}.Ad-Hoc|Any CPU.Build.0 = Debug|Any CPU
		{D37B388D-704C-4E3F-91C4-76D74C2E63DB}.Ad-Hoc|ARM.ActiveCfg = Debug|Any CPU
		{D37B388D-704C-4E3F-91C4-76D74C2E63DB}.Ad-Hoc|ARM.Build.0 = Debug|Any CPU
		{D37B388D-704C-4E3F-91C4-76D74C2E63DB}.Ad-Hoc|iPhone.ActiveCfg = Debug|Any CPU
		{D37B388D-704C-4E3F-91C4-76D74C2E63DB}.Ad-Hoc|iPhone.Build.0 = Debug|Any CPU
		{D37B388D-704C-4E3F-91C4-76D74C2E63DB}.Ad-Hoc|iPhoneSimulator.ActiveCfg = Debug|Any CPU
		{D37B388D-704C-4E3F-91C4-76D74C2E63DB}.Ad-Hoc|iPhoneSimulator.Build.0 = Debug|Any CPU
		{D37B388D-704C-4E3F-91C4-76D74C2E63DB}.Ad-Hoc|x64.ActiveCfg = Debug|Any CPU
		{D37B388D-704C-4E3F-91C4-76D74C2E63DB}.Ad-Hoc|x64.Build.0 = Debug|Any CPU
		{D37B388D-704C-4E3F-91C4-76D74C2E63DB}.Ad-Hoc|x86.ActiveCfg = Debug|Any CPU
		{D37B388D-704C-4E3F-91C4-76D74C2E63DB}.Ad-Hoc|x86.Build.0 = Debug|Any CPU
		{D37B388D-704C-4E3F-91C4-76D74C2E63DB}.AppStore|Any CPU.ActiveCfg = Debug|Any CPU
		{D37B388D-704C-4E3F-91C4-76D74C2E63DB}.AppStore|Any CPU.Build.0 = Debug|Any CPU
		{D37B388D-704C-4E3F-91C4-76D74C2E63DB}.AppStore|ARM.ActiveCfg = Debug|Any CPU
		{D37B388D-704C-4E3F-91C4-76D74C2E63DB}.AppStore|ARM.Build.0 = Debug|Any CPU
		{D37B388D-704C-4E3F-91C4-76D74C2E63DB}.AppStore|iPhone.ActiveCfg = Debug|Any CPU
		{D37B388D-704C-4E3F-91C4-76D74C2E63DB}.AppStore|iPhone.Build.0 = Debug|Any CPU
		{D37B388D-704C-4E3F-91C4-76D74C2E63DB}.AppStore|iPhoneSimulator.ActiveCfg = Debug|Any CPU
		{D37B388D-704C-4E3F-91C4-76D74C2E63DB}.AppStore|iPhoneSimulator.Build.0 = Debug|Any CPU
		{D37B388D-704C-4E3F-91C4-76D74C2E63DB}.AppStore|x64.ActiveCfg = Debug|Any CPU
		{D37B388D-704C-4E3F-91C4-76D74C2E63DB}.AppStore|x64.Build.0 = Debug|Any CPU
		{D37B388D-704C-4E3F-91C4-76D74C2E63DB}.AppStore|x86.ActiveCfg = Debug|Any CPU
		{D37B388D-704C-4E3F-91C4-76D74C2E63DB}.AppStore|x86.Build.0 = Debug|Any CPU
		{D37B388D-704C-4E3F-91C4-76D74C2E63DB}.Debug|Any CPU.ActiveCfg = Debug|Any CPU
		{D37B388D-704C-4E3F-91C4-76D74C2E63DB}.Debug|Any CPU.Build.0 = Debug|Any CPU
		{D37B388D-704C-4E3F-91C4-76D74C2E63DB}.Debug|ARM.ActiveCfg = Debug|Any CPU
		{D37B388D-704C-4E3F-91C4-76D74C2E63DB}.Debug|ARM.Build.0 = Debug|Any CPU
		{D37B388D-704C-4E3F-91C4-76D74C2E63DB}.Debug|iPhone.ActiveCfg = Debug|Any CPU
		{D37B388D-704C-4E3F-91C4-76D74C2E63DB}.Debug|iPhone.Build.0 = Debug|Any CPU
		{D37B388D-704C-4E3F-91C4-76D74C2E63DB}.Debug|iPhoneSimulator.ActiveCfg = Debug|Any CPU
		{D37B388D-704C-4E3F-91C4-76D74C2E63DB}.Debug|iPhoneSimulator.Build.0 = Debug|Any CPU
		{D37B388D-704C-4E3F-91C4-76D74C2E63DB}.Debug|x64.ActiveCfg = Debug|Any CPU
		{D37B388D-704C-4E3F-91C4-76D74C2E63DB}.Debug|x64.Build.0 = Debug|Any CPU
		{D37B388D-704C-4E3F-91C4-76D74C2E63DB}.Debug|x86.ActiveCfg = Debug|Any CPU
		{D37B388D-704C-4E3F-91C4-76D74C2E63DB}.Debug|x86.Build.0 = Debug|Any CPU
		{D37B388D-704C-4E3F-91C4-76D74C2E63DB}.Release|Any CPU.ActiveCfg = Release|Any CPU
		{D37B388D-704C-4E3F-91C4-76D74C2E63DB}.Release|Any CPU.Build.0 = Release|Any CPU
		{D37B388D-704C-4E3F-91C4-76D74C2E63DB}.Release|ARM.ActiveCfg = Release|Any CPU
		{D37B388D-704C-4E3F-91C4-76D74C2E63DB}.Release|ARM.Build.0 = Release|Any CPU
		{D37B388D-704C-4E3F-91C4-76D74C2E63DB}.Release|iPhone.ActiveCfg = Release|Any CPU
		{D37B388D-704C-4E3F-91C4-76D74C2E63DB}.Release|iPhone.Build.0 = Release|Any CPU
		{D37B388D-704C-4E3F-91C4-76D74C2E63DB}.Release|iPhoneSimulator.ActiveCfg = Release|Any CPU
		{D37B388D-704C-4E3F-91C4-76D74C2E63DB}.Release|iPhoneSimulator.Build.0 = Release|Any CPU
		{D37B388D-704C-4E3F-91C4-76D74C2E63DB}.Release|x64.ActiveCfg = Release|Any CPU
		{D37B388D-704C-4E3F-91C4-76D74C2E63DB}.Release|x64.Build.0 = Release|Any CPU
		{D37B388D-704C-4E3F-91C4-76D74C2E63DB}.Release|x86.ActiveCfg = Release|Any CPU
		{D37B388D-704C-4E3F-91C4-76D74C2E63DB}.Release|x86.Build.0 = Release|Any CPU
		{68454FD9-D3EE-4596-AD58-A4C11D185125}.Ad-Hoc|Any CPU.ActiveCfg = Debug|Any CPU
		{68454FD9-D3EE-4596-AD58-A4C11D185125}.Ad-Hoc|Any CPU.Build.0 = Debug|Any CPU
		{68454FD9-D3EE-4596-AD58-A4C11D185125}.Ad-Hoc|ARM.ActiveCfg = Debug|Any CPU
		{68454FD9-D3EE-4596-AD58-A4C11D185125}.Ad-Hoc|ARM.Build.0 = Debug|Any CPU
		{68454FD9-D3EE-4596-AD58-A4C11D185125}.Ad-Hoc|iPhone.ActiveCfg = Debug|Any CPU
		{68454FD9-D3EE-4596-AD58-A4C11D185125}.Ad-Hoc|iPhone.Build.0 = Debug|Any CPU
		{68454FD9-D3EE-4596-AD58-A4C11D185125}.Ad-Hoc|iPhoneSimulator.ActiveCfg = Debug|Any CPU
		{68454FD9-D3EE-4596-AD58-A4C11D185125}.Ad-Hoc|iPhoneSimulator.Build.0 = Debug|Any CPU
		{68454FD9-D3EE-4596-AD58-A4C11D185125}.Ad-Hoc|x64.ActiveCfg = Debug|Any CPU
		{68454FD9-D3EE-4596-AD58-A4C11D185125}.Ad-Hoc|x64.Build.0 = Debug|Any CPU
		{68454FD9-D3EE-4596-AD58-A4C11D185125}.Ad-Hoc|x86.ActiveCfg = Debug|Any CPU
		{68454FD9-D3EE-4596-AD58-A4C11D185125}.Ad-Hoc|x86.Build.0 = Debug|Any CPU
		{68454FD9-D3EE-4596-AD58-A4C11D185125}.AppStore|Any CPU.ActiveCfg = Debug|Any CPU
		{68454FD9-D3EE-4596-AD58-A4C11D185125}.AppStore|Any CPU.Build.0 = Debug|Any CPU
		{68454FD9-D3EE-4596-AD58-A4C11D185125}.AppStore|ARM.ActiveCfg = Debug|Any CPU
		{68454FD9-D3EE-4596-AD58-A4C11D185125}.AppStore|ARM.Build.0 = Debug|Any CPU
		{68454FD9-D3EE-4596-AD58-A4C11D185125}.AppStore|iPhone.ActiveCfg = Debug|Any CPU
		{68454FD9-D3EE-4596-AD58-A4C11D185125}.AppStore|iPhone.Build.0 = Debug|Any CPU
		{68454FD9-D3EE-4596-AD58-A4C11D185125}.AppStore|iPhoneSimulator.ActiveCfg = Debug|Any CPU
		{68454FD9-D3EE-4596-AD58-A4C11D185125}.AppStore|iPhoneSimulator.Build.0 = Debug|Any CPU
		{68454FD9-D3EE-4596-AD58-A4C11D185125}.AppStore|x64.ActiveCfg = Debug|Any CPU
		{68454FD9-D3EE-4596-AD58-A4C11D185125}.AppStore|x64.Build.0 = Debug|Any CPU
		{68454FD9-D3EE-4596-AD58-A4C11D185125}.AppStore|x86.ActiveCfg = Debug|Any CPU
		{68454FD9-D3EE-4596-AD58-A4C11D185125}.AppStore|x86.Build.0 = Debug|Any CPU
		{68454FD9-D3EE-4596-AD58-A4C11D185125}.Debug|Any CPU.ActiveCfg = Debug|Any CPU
		{68454FD9-D3EE-4596-AD58-A4C11D185125}.Debug|Any CPU.Build.0 = Debug|Any CPU
		{68454FD9-D3EE-4596-AD58-A4C11D185125}.Debug|ARM.ActiveCfg = Debug|Any CPU
		{68454FD9-D3EE-4596-AD58-A4C11D185125}.Debug|ARM.Build.0 = Debug|Any CPU
		{68454FD9-D3EE-4596-AD58-A4C11D185125}.Debug|iPhone.ActiveCfg = Debug|Any CPU
		{68454FD9-D3EE-4596-AD58-A4C11D185125}.Debug|iPhone.Build.0 = Debug|Any CPU
		{68454FD9-D3EE-4596-AD58-A4C11D185125}.Debug|iPhoneSimulator.ActiveCfg = Debug|Any CPU
		{68454FD9-D3EE-4596-AD58-A4C11D185125}.Debug|iPhoneSimulator.Build.0 = Debug|Any CPU
		{68454FD9-D3EE-4596-AD58-A4C11D185125}.Debug|x64.ActiveCfg = Debug|Any CPU
		{68454FD9-D3EE-4596-AD58-A4C11D185125}.Debug|x64.Build.0 = Debug|Any CPU
		{68454FD9-D3EE-4596-AD58-A4C11D185125}.Debug|x86.ActiveCfg = Debug|Any CPU
		{68454FD9-D3EE-4596-AD58-A4C11D185125}.Debug|x86.Build.0 = Debug|Any CPU
		{68454FD9-D3EE-4596-AD58-A4C11D185125}.Release|Any CPU.ActiveCfg = Release|Any CPU
		{68454FD9-D3EE-4596-AD58-A4C11D185125}.Release|Any CPU.Build.0 = Release|Any CPU
		{68454FD9-D3EE-4596-AD58-A4C11D185125}.Release|ARM.ActiveCfg = Release|Any CPU
		{68454FD9-D3EE-4596-AD58-A4C11D185125}.Release|ARM.Build.0 = Release|Any CPU
		{68454FD9-D3EE-4596-AD58-A4C11D185125}.Release|iPhone.ActiveCfg = Release|Any CPU
		{68454FD9-D3EE-4596-AD58-A4C11D185125}.Release|iPhone.Build.0 = Release|Any CPU
		{68454FD9-D3EE-4596-AD58-A4C11D185125}.Release|iPhoneSimulator.ActiveCfg = Release|Any CPU
		{68454FD9-D3EE-4596-AD58-A4C11D185125}.Release|iPhoneSimulator.Build.0 = Release|Any CPU
		{68454FD9-D3EE-4596-AD58-A4C11D185125}.Release|x64.ActiveCfg = Release|Any CPU
		{68454FD9-D3EE-4596-AD58-A4C11D185125}.Release|x64.Build.0 = Release|Any CPU
		{68454FD9-D3EE-4596-AD58-A4C11D185125}.Release|x86.ActiveCfg = Release|Any CPU
		{68454FD9-D3EE-4596-AD58-A4C11D185125}.Release|x86.Build.0 = Release|Any CPU
		{A1316798-BC1B-43D3-B045-12615D0B160A}.Ad-Hoc|Any CPU.ActiveCfg = Debug|Any CPU
		{A1316798-BC1B-43D3-B045-12615D0B160A}.Ad-Hoc|Any CPU.Build.0 = Debug|Any CPU
		{A1316798-BC1B-43D3-B045-12615D0B160A}.Ad-Hoc|ARM.ActiveCfg = Debug|Any CPU
		{A1316798-BC1B-43D3-B045-12615D0B160A}.Ad-Hoc|ARM.Build.0 = Debug|Any CPU
		{A1316798-BC1B-43D3-B045-12615D0B160A}.Ad-Hoc|iPhone.ActiveCfg = Debug|Any CPU
		{A1316798-BC1B-43D3-B045-12615D0B160A}.Ad-Hoc|iPhone.Build.0 = Debug|Any CPU
		{A1316798-BC1B-43D3-B045-12615D0B160A}.Ad-Hoc|iPhoneSimulator.ActiveCfg = Debug|Any CPU
		{A1316798-BC1B-43D3-B045-12615D0B160A}.Ad-Hoc|iPhoneSimulator.Build.0 = Debug|Any CPU
		{A1316798-BC1B-43D3-B045-12615D0B160A}.Ad-Hoc|x64.ActiveCfg = Debug|Any CPU
		{A1316798-BC1B-43D3-B045-12615D0B160A}.Ad-Hoc|x64.Build.0 = Debug|Any CPU
		{A1316798-BC1B-43D3-B045-12615D0B160A}.Ad-Hoc|x86.ActiveCfg = Debug|Any CPU
		{A1316798-BC1B-43D3-B045-12615D0B160A}.Ad-Hoc|x86.Build.0 = Debug|Any CPU
		{A1316798-BC1B-43D3-B045-12615D0B160A}.AppStore|Any CPU.ActiveCfg = Debug|Any CPU
		{A1316798-BC1B-43D3-B045-12615D0B160A}.AppStore|Any CPU.Build.0 = Debug|Any CPU
		{A1316798-BC1B-43D3-B045-12615D0B160A}.AppStore|ARM.ActiveCfg = Debug|Any CPU
		{A1316798-BC1B-43D3-B045-12615D0B160A}.AppStore|ARM.Build.0 = Debug|Any CPU
		{A1316798-BC1B-43D3-B045-12615D0B160A}.AppStore|iPhone.ActiveCfg = Debug|Any CPU
		{A1316798-BC1B-43D3-B045-12615D0B160A}.AppStore|iPhone.Build.0 = Debug|Any CPU
		{A1316798-BC1B-43D3-B045-12615D0B160A}.AppStore|iPhoneSimulator.ActiveCfg = Debug|Any CPU
		{A1316798-BC1B-43D3-B045-12615D0B160A}.AppStore|iPhoneSimulator.Build.0 = Debug|Any CPU
		{A1316798-BC1B-43D3-B045-12615D0B160A}.AppStore|x64.ActiveCfg = Debug|Any CPU
		{A1316798-BC1B-43D3-B045-12615D0B160A}.AppStore|x64.Build.0 = Debug|Any CPU
		{A1316798-BC1B-43D3-B045-12615D0B160A}.AppStore|x86.ActiveCfg = Debug|Any CPU
		{A1316798-BC1B-43D3-B045-12615D0B160A}.AppStore|x86.Build.0 = Debug|Any CPU
		{A1316798-BC1B-43D3-B045-12615D0B160A}.Debug|Any CPU.ActiveCfg = Debug|Any CPU
		{A1316798-BC1B-43D3-B045-12615D0B160A}.Debug|Any CPU.Build.0 = Debug|Any CPU
		{A1316798-BC1B-43D3-B045-12615D0B160A}.Debug|ARM.ActiveCfg = Debug|Any CPU
		{A1316798-BC1B-43D3-B045-12615D0B160A}.Debug|ARM.Build.0 = Debug|Any CPU
		{A1316798-BC1B-43D3-B045-12615D0B160A}.Debug|iPhone.ActiveCfg = Debug|Any CPU
		{A1316798-BC1B-43D3-B045-12615D0B160A}.Debug|iPhone.Build.0 = Debug|Any CPU
		{A1316798-BC1B-43D3-B045-12615D0B160A}.Debug|iPhoneSimulator.ActiveCfg = Debug|Any CPU
		{A1316798-BC1B-43D3-B045-12615D0B160A}.Debug|iPhoneSimulator.Build.0 = Debug|Any CPU
		{A1316798-BC1B-43D3-B045-12615D0B160A}.Debug|x64.ActiveCfg = Debug|Any CPU
		{A1316798-BC1B-43D3-B045-12615D0B160A}.Debug|x64.Build.0 = Debug|Any CPU
		{A1316798-BC1B-43D3-B045-12615D0B160A}.Debug|x86.ActiveCfg = Debug|Any CPU
		{A1316798-BC1B-43D3-B045-12615D0B160A}.Debug|x86.Build.0 = Debug|Any CPU
		{A1316798-BC1B-43D3-B045-12615D0B160A}.Release|Any CPU.ActiveCfg = Release|Any CPU
		{A1316798-BC1B-43D3-B045-12615D0B160A}.Release|Any CPU.Build.0 = Release|Any CPU
		{A1316798-BC1B-43D3-B045-12615D0B160A}.Release|ARM.ActiveCfg = Release|Any CPU
		{A1316798-BC1B-43D3-B045-12615D0B160A}.Release|ARM.Build.0 = Release|Any CPU
		{A1316798-BC1B-43D3-B045-12615D0B160A}.Release|iPhone.ActiveCfg = Release|Any CPU
		{A1316798-BC1B-43D3-B045-12615D0B160A}.Release|iPhone.Build.0 = Release|Any CPU
		{A1316798-BC1B-43D3-B045-12615D0B160A}.Release|iPhoneSimulator.ActiveCfg = Release|Any CPU
		{A1316798-BC1B-43D3-B045-12615D0B160A}.Release|iPhoneSimulator.Build.0 = Release|Any CPU
		{A1316798-BC1B-43D3-B045-12615D0B160A}.Release|x64.ActiveCfg = Release|Any CPU
		{A1316798-BC1B-43D3-B045-12615D0B160A}.Release|x64.Build.0 = Release|Any CPU
		{A1316798-BC1B-43D3-B045-12615D0B160A}.Release|x86.ActiveCfg = Release|Any CPU
		{A1316798-BC1B-43D3-B045-12615D0B160A}.Release|x86.Build.0 = Release|Any CPU
		{87A282E6-134B-4A93-B78F-B1A8422BB348}.Ad-Hoc|Any CPU.ActiveCfg = Debug|Any CPU
		{87A282E6-134B-4A93-B78F-B1A8422BB348}.Ad-Hoc|Any CPU.Build.0 = Debug|Any CPU
		{87A282E6-134B-4A93-B78F-B1A8422BB348}.Ad-Hoc|ARM.ActiveCfg = Debug|Any CPU
		{87A282E6-134B-4A93-B78F-B1A8422BB348}.Ad-Hoc|ARM.Build.0 = Debug|Any CPU
		{87A282E6-134B-4A93-B78F-B1A8422BB348}.Ad-Hoc|iPhone.ActiveCfg = Debug|Any CPU
		{87A282E6-134B-4A93-B78F-B1A8422BB348}.Ad-Hoc|iPhone.Build.0 = Debug|Any CPU
		{87A282E6-134B-4A93-B78F-B1A8422BB348}.Ad-Hoc|iPhoneSimulator.ActiveCfg = Debug|Any CPU
		{87A282E6-134B-4A93-B78F-B1A8422BB348}.Ad-Hoc|iPhoneSimulator.Build.0 = Debug|Any CPU
		{87A282E6-134B-4A93-B78F-B1A8422BB348}.Ad-Hoc|x64.ActiveCfg = Debug|Any CPU
		{87A282E6-134B-4A93-B78F-B1A8422BB348}.Ad-Hoc|x64.Build.0 = Debug|Any CPU
		{87A282E6-134B-4A93-B78F-B1A8422BB348}.Ad-Hoc|x86.ActiveCfg = Debug|Any CPU
		{87A282E6-134B-4A93-B78F-B1A8422BB348}.Ad-Hoc|x86.Build.0 = Debug|Any CPU
		{87A282E6-134B-4A93-B78F-B1A8422BB348}.AppStore|Any CPU.ActiveCfg = Debug|Any CPU
		{87A282E6-134B-4A93-B78F-B1A8422BB348}.AppStore|Any CPU.Build.0 = Debug|Any CPU
		{87A282E6-134B-4A93-B78F-B1A8422BB348}.AppStore|ARM.ActiveCfg = Debug|Any CPU
		{87A282E6-134B-4A93-B78F-B1A8422BB348}.AppStore|ARM.Build.0 = Debug|Any CPU
		{87A282E6-134B-4A93-B78F-B1A8422BB348}.AppStore|iPhone.ActiveCfg = Debug|Any CPU
		{87A282E6-134B-4A93-B78F-B1A8422BB348}.AppStore|iPhone.Build.0 = Debug|Any CPU
		{87A282E6-134B-4A93-B78F-B1A8422BB348}.AppStore|iPhoneSimulator.ActiveCfg = Debug|Any CPU
		{87A282E6-134B-4A93-B78F-B1A8422BB348}.AppStore|iPhoneSimulator.Build.0 = Debug|Any CPU
		{87A282E6-134B-4A93-B78F-B1A8422BB348}.AppStore|x64.ActiveCfg = Debug|Any CPU
		{87A282E6-134B-4A93-B78F-B1A8422BB348}.AppStore|x64.Build.0 = Debug|Any CPU
		{87A282E6-134B-4A93-B78F-B1A8422BB348}.AppStore|x86.ActiveCfg = Debug|Any CPU
		{87A282E6-134B-4A93-B78F-B1A8422BB348}.AppStore|x86.Build.0 = Debug|Any CPU
		{87A282E6-134B-4A93-B78F-B1A8422BB348}.Debug|Any CPU.ActiveCfg = Debug|Any CPU
		{87A282E6-134B-4A93-B78F-B1A8422BB348}.Debug|Any CPU.Build.0 = Debug|Any CPU
		{87A282E6-134B-4A93-B78F-B1A8422BB348}.Debug|ARM.ActiveCfg = Debug|Any CPU
		{87A282E6-134B-4A93-B78F-B1A8422BB348}.Debug|ARM.Build.0 = Debug|Any CPU
		{87A282E6-134B-4A93-B78F-B1A8422BB348}.Debug|iPhone.ActiveCfg = Debug|Any CPU
		{87A282E6-134B-4A93-B78F-B1A8422BB348}.Debug|iPhone.Build.0 = Debug|Any CPU
		{87A282E6-134B-4A93-B78F-B1A8422BB348}.Debug|iPhoneSimulator.ActiveCfg = Debug|Any CPU
		{87A282E6-134B-4A93-B78F-B1A8422BB348}.Debug|iPhoneSimulator.Build.0 = Debug|Any CPU
		{87A282E6-134B-4A93-B78F-B1A8422BB348}.Debug|x64.ActiveCfg = Debug|Any CPU
		{87A282E6-134B-4A93-B78F-B1A8422BB348}.Debug|x64.Build.0 = Debug|Any CPU
		{87A282E6-134B-4A93-B78F-B1A8422BB348}.Debug|x86.ActiveCfg = Debug|Any CPU
		{87A282E6-134B-4A93-B78F-B1A8422BB348}.Debug|x86.Build.0 = Debug|Any CPU
		{87A282E6-134B-4A93-B78F-B1A8422BB348}.Release|Any CPU.ActiveCfg = Release|Any CPU
		{87A282E6-134B-4A93-B78F-B1A8422BB348}.Release|Any CPU.Build.0 = Release|Any CPU
		{87A282E6-134B-4A93-B78F-B1A8422BB348}.Release|ARM.ActiveCfg = Release|Any CPU
		{87A282E6-134B-4A93-B78F-B1A8422BB348}.Release|ARM.Build.0 = Release|Any CPU
		{87A282E6-134B-4A93-B78F-B1A8422BB348}.Release|iPhone.ActiveCfg = Release|Any CPU
		{87A282E6-134B-4A93-B78F-B1A8422BB348}.Release|iPhone.Build.0 = Release|Any CPU
		{87A282E6-134B-4A93-B78F-B1A8422BB348}.Release|iPhoneSimulator.ActiveCfg = Release|Any CPU
		{87A282E6-134B-4A93-B78F-B1A8422BB348}.Release|iPhoneSimulator.Build.0 = Release|Any CPU
		{87A282E6-134B-4A93-B78F-B1A8422BB348}.Release|x64.ActiveCfg = Release|Any CPU
		{87A282E6-134B-4A93-B78F-B1A8422BB348}.Release|x64.Build.0 = Release|Any CPU
		{87A282E6-134B-4A93-B78F-B1A8422BB348}.Release|x86.ActiveCfg = Release|Any CPU
		{87A282E6-134B-4A93-B78F-B1A8422BB348}.Release|x86.Build.0 = Release|Any CPU
		{7B07D103-A2E6-48BA-A03C-726E4B516225}.Ad-Hoc|Any CPU.ActiveCfg = Debug|Any CPU
		{7B07D103-A2E6-48BA-A03C-726E4B516225}.Ad-Hoc|Any CPU.Build.0 = Debug|Any CPU
		{7B07D103-A2E6-48BA-A03C-726E4B516225}.Ad-Hoc|ARM.ActiveCfg = Debug|Any CPU
		{7B07D103-A2E6-48BA-A03C-726E4B516225}.Ad-Hoc|ARM.Build.0 = Debug|Any CPU
		{7B07D103-A2E6-48BA-A03C-726E4B516225}.Ad-Hoc|iPhone.ActiveCfg = Debug|Any CPU
		{7B07D103-A2E6-48BA-A03C-726E4B516225}.Ad-Hoc|iPhone.Build.0 = Debug|Any CPU
		{7B07D103-A2E6-48BA-A03C-726E4B516225}.Ad-Hoc|iPhoneSimulator.ActiveCfg = Debug|Any CPU
		{7B07D103-A2E6-48BA-A03C-726E4B516225}.Ad-Hoc|iPhoneSimulator.Build.0 = Debug|Any CPU
		{7B07D103-A2E6-48BA-A03C-726E4B516225}.Ad-Hoc|x64.ActiveCfg = Debug|Any CPU
		{7B07D103-A2E6-48BA-A03C-726E4B516225}.Ad-Hoc|x64.Build.0 = Debug|Any CPU
		{7B07D103-A2E6-48BA-A03C-726E4B516225}.Ad-Hoc|x86.ActiveCfg = Debug|Any CPU
		{7B07D103-A2E6-48BA-A03C-726E4B516225}.Ad-Hoc|x86.Build.0 = Debug|Any CPU
		{7B07D103-A2E6-48BA-A03C-726E4B516225}.AppStore|Any CPU.ActiveCfg = Debug|Any CPU
		{7B07D103-A2E6-48BA-A03C-726E4B516225}.AppStore|Any CPU.Build.0 = Debug|Any CPU
		{7B07D103-A2E6-48BA-A03C-726E4B516225}.AppStore|ARM.ActiveCfg = Debug|Any CPU
		{7B07D103-A2E6-48BA-A03C-726E4B516225}.AppStore|ARM.Build.0 = Debug|Any CPU
		{7B07D103-A2E6-48BA-A03C-726E4B516225}.AppStore|iPhone.ActiveCfg = Debug|Any CPU
		{7B07D103-A2E6-48BA-A03C-726E4B516225}.AppStore|iPhone.Build.0 = Debug|Any CPU
		{7B07D103-A2E6-48BA-A03C-726E4B516225}.AppStore|iPhoneSimulator.ActiveCfg = Debug|Any CPU
		{7B07D103-A2E6-48BA-A03C-726E4B516225}.AppStore|iPhoneSimulator.Build.0 = Debug|Any CPU
		{7B07D103-A2E6-48BA-A03C-726E4B516225}.AppStore|x64.ActiveCfg = Debug|Any CPU
		{7B07D103-A2E6-48BA-A03C-726E4B516225}.AppStore|x64.Build.0 = Debug|Any CPU
		{7B07D103-A2E6-48BA-A03C-726E4B516225}.AppStore|x86.ActiveCfg = Debug|Any CPU
		{7B07D103-A2E6-48BA-A03C-726E4B516225}.AppStore|x86.Build.0 = Debug|Any CPU
		{7B07D103-A2E6-48BA-A03C-726E4B516225}.Debug|Any CPU.ActiveCfg = Debug|Any CPU
		{7B07D103-A2E6-48BA-A03C-726E4B516225}.Debug|Any CPU.Build.0 = Debug|Any CPU
		{7B07D103-A2E6-48BA-A03C-726E4B516225}.Debug|ARM.ActiveCfg = Debug|Any CPU
		{7B07D103-A2E6-48BA-A03C-726E4B516225}.Debug|ARM.Build.0 = Debug|Any CPU
		{7B07D103-A2E6-48BA-A03C-726E4B516225}.Debug|iPhone.ActiveCfg = Debug|Any CPU
		{7B07D103-A2E6-48BA-A03C-726E4B516225}.Debug|iPhone.Build.0 = Debug|Any CPU
		{7B07D103-A2E6-48BA-A03C-726E4B516225}.Debug|iPhoneSimulator.ActiveCfg = Debug|Any CPU
		{7B07D103-A2E6-48BA-A03C-726E4B516225}.Debug|iPhoneSimulator.Build.0 = Debug|Any CPU
		{7B07D103-A2E6-48BA-A03C-726E4B516225}.Debug|x64.ActiveCfg = Debug|Any CPU
		{7B07D103-A2E6-48BA-A03C-726E4B516225}.Debug|x64.Build.0 = Debug|Any CPU
		{7B07D103-A2E6-48BA-A03C-726E4B516225}.Debug|x86.ActiveCfg = Debug|Any CPU
		{7B07D103-A2E6-48BA-A03C-726E4B516225}.Debug|x86.Build.0 = Debug|Any CPU
		{7B07D103-A2E6-48BA-A03C-726E4B516225}.Release|Any CPU.ActiveCfg = Release|Any CPU
		{7B07D103-A2E6-48BA-A03C-726E4B516225}.Release|Any CPU.Build.0 = Release|Any CPU
		{7B07D103-A2E6-48BA-A03C-726E4B516225}.Release|ARM.ActiveCfg = Release|Any CPU
		{7B07D103-A2E6-48BA-A03C-726E4B516225}.Release|ARM.Build.0 = Release|Any CPU
		{7B07D103-A2E6-48BA-A03C-726E4B516225}.Release|iPhone.ActiveCfg = Release|Any CPU
		{7B07D103-A2E6-48BA-A03C-726E4B516225}.Release|iPhone.Build.0 = Release|Any CPU
		{7B07D103-A2E6-48BA-A03C-726E4B516225}.Release|iPhoneSimulator.ActiveCfg = Release|Any CPU
		{7B07D103-A2E6-48BA-A03C-726E4B516225}.Release|iPhoneSimulator.Build.0 = Release|Any CPU
		{7B07D103-A2E6-48BA-A03C-726E4B516225}.Release|x64.ActiveCfg = Release|Any CPU
		{7B07D103-A2E6-48BA-A03C-726E4B516225}.Release|x64.Build.0 = Release|Any CPU
		{7B07D103-A2E6-48BA-A03C-726E4B516225}.Release|x86.ActiveCfg = Release|Any CPU
		{7B07D103-A2E6-48BA-A03C-726E4B516225}.Release|x86.Build.0 = Release|Any CPU
		{11311724-28AB-47B0-A8C1-30CAF87F0A93}.Ad-Hoc|Any CPU.ActiveCfg = Debug|Any CPU
		{11311724-28AB-47B0-A8C1-30CAF87F0A93}.Ad-Hoc|Any CPU.Build.0 = Debug|Any CPU
		{11311724-28AB-47B0-A8C1-30CAF87F0A93}.Ad-Hoc|ARM.ActiveCfg = Debug|Any CPU
		{11311724-28AB-47B0-A8C1-30CAF87F0A93}.Ad-Hoc|ARM.Build.0 = Debug|Any CPU
		{11311724-28AB-47B0-A8C1-30CAF87F0A93}.Ad-Hoc|iPhone.ActiveCfg = Debug|Any CPU
		{11311724-28AB-47B0-A8C1-30CAF87F0A93}.Ad-Hoc|iPhone.Build.0 = Debug|Any CPU
		{11311724-28AB-47B0-A8C1-30CAF87F0A93}.Ad-Hoc|iPhoneSimulator.ActiveCfg = Debug|Any CPU
		{11311724-28AB-47B0-A8C1-30CAF87F0A93}.Ad-Hoc|iPhoneSimulator.Build.0 = Debug|Any CPU
		{11311724-28AB-47B0-A8C1-30CAF87F0A93}.Ad-Hoc|x64.ActiveCfg = Debug|Any CPU
		{11311724-28AB-47B0-A8C1-30CAF87F0A93}.Ad-Hoc|x64.Build.0 = Debug|Any CPU
		{11311724-28AB-47B0-A8C1-30CAF87F0A93}.Ad-Hoc|x86.ActiveCfg = Debug|Any CPU
		{11311724-28AB-47B0-A8C1-30CAF87F0A93}.Ad-Hoc|x86.Build.0 = Debug|Any CPU
		{11311724-28AB-47B0-A8C1-30CAF87F0A93}.AppStore|Any CPU.ActiveCfg = Debug|Any CPU
		{11311724-28AB-47B0-A8C1-30CAF87F0A93}.AppStore|Any CPU.Build.0 = Debug|Any CPU
		{11311724-28AB-47B0-A8C1-30CAF87F0A93}.AppStore|ARM.ActiveCfg = Debug|Any CPU
		{11311724-28AB-47B0-A8C1-30CAF87F0A93}.AppStore|ARM.Build.0 = Debug|Any CPU
		{11311724-28AB-47B0-A8C1-30CAF87F0A93}.AppStore|iPhone.ActiveCfg = Debug|Any CPU
		{11311724-28AB-47B0-A8C1-30CAF87F0A93}.AppStore|iPhone.Build.0 = Debug|Any CPU
		{11311724-28AB-47B0-A8C1-30CAF87F0A93}.AppStore|iPhoneSimulator.ActiveCfg = Debug|Any CPU
		{11311724-28AB-47B0-A8C1-30CAF87F0A93}.AppStore|iPhoneSimulator.Build.0 = Debug|Any CPU
		{11311724-28AB-47B0-A8C1-30CAF87F0A93}.AppStore|x64.ActiveCfg = Debug|Any CPU
		{11311724-28AB-47B0-A8C1-30CAF87F0A93}.AppStore|x64.Build.0 = Debug|Any CPU
		{11311724-28AB-47B0-A8C1-30CAF87F0A93}.AppStore|x86.ActiveCfg = Debug|Any CPU
		{11311724-28AB-47B0-A8C1-30CAF87F0A93}.AppStore|x86.Build.0 = Debug|Any CPU
		{11311724-28AB-47B0-A8C1-30CAF87F0A93}.Debug|Any CPU.ActiveCfg = Debug|Any CPU
		{11311724-28AB-47B0-A8C1-30CAF87F0A93}.Debug|Any CPU.Build.0 = Debug|Any CPU
		{11311724-28AB-47B0-A8C1-30CAF87F0A93}.Debug|ARM.ActiveCfg = Debug|Any CPU
		{11311724-28AB-47B0-A8C1-30CAF87F0A93}.Debug|ARM.Build.0 = Debug|Any CPU
		{11311724-28AB-47B0-A8C1-30CAF87F0A93}.Debug|iPhone.ActiveCfg = Debug|Any CPU
		{11311724-28AB-47B0-A8C1-30CAF87F0A93}.Debug|iPhone.Build.0 = Debug|Any CPU
		{11311724-28AB-47B0-A8C1-30CAF87F0A93}.Debug|iPhoneSimulator.ActiveCfg = Debug|Any CPU
		{11311724-28AB-47B0-A8C1-30CAF87F0A93}.Debug|iPhoneSimulator.Build.0 = Debug|Any CPU
		{11311724-28AB-47B0-A8C1-30CAF87F0A93}.Debug|x64.ActiveCfg = Debug|Any CPU
		{11311724-28AB-47B0-A8C1-30CAF87F0A93}.Debug|x64.Build.0 = Debug|Any CPU
		{11311724-28AB-47B0-A8C1-30CAF87F0A93}.Debug|x86.ActiveCfg = Debug|Any CPU
		{11311724-28AB-47B0-A8C1-30CAF87F0A93}.Debug|x86.Build.0 = Debug|Any CPU
		{11311724-28AB-47B0-A8C1-30CAF87F0A93}.Release|Any CPU.ActiveCfg = Release|Any CPU
		{11311724-28AB-47B0-A8C1-30CAF87F0A93}.Release|Any CPU.Build.0 = Release|Any CPU
		{11311724-28AB-47B0-A8C1-30CAF87F0A93}.Release|ARM.ActiveCfg = Release|Any CPU
		{11311724-28AB-47B0-A8C1-30CAF87F0A93}.Release|ARM.Build.0 = Release|Any CPU
		{11311724-28AB-47B0-A8C1-30CAF87F0A93}.Release|iPhone.ActiveCfg = Release|Any CPU
		{11311724-28AB-47B0-A8C1-30CAF87F0A93}.Release|iPhone.Build.0 = Release|Any CPU
		{11311724-28AB-47B0-A8C1-30CAF87F0A93}.Release|iPhoneSimulator.ActiveCfg = Release|Any CPU
		{11311724-28AB-47B0-A8C1-30CAF87F0A93}.Release|iPhoneSimulator.Build.0 = Release|Any CPU
		{11311724-28AB-47B0-A8C1-30CAF87F0A93}.Release|x64.ActiveCfg = Release|Any CPU
		{11311724-28AB-47B0-A8C1-30CAF87F0A93}.Release|x64.Build.0 = Release|Any CPU
		{11311724-28AB-47B0-A8C1-30CAF87F0A93}.Release|x86.ActiveCfg = Release|Any CPU
		{11311724-28AB-47B0-A8C1-30CAF87F0A93}.Release|x86.Build.0 = Release|Any CPU
		{75C0250B-FB14-4D84-BE97-1C04AE47D8EF}.Ad-Hoc|Any CPU.ActiveCfg = Debug|Any CPU
		{75C0250B-FB14-4D84-BE97-1C04AE47D8EF}.Ad-Hoc|Any CPU.Build.0 = Debug|Any CPU
		{75C0250B-FB14-4D84-BE97-1C04AE47D8EF}.Ad-Hoc|ARM.ActiveCfg = Debug|Any CPU
		{75C0250B-FB14-4D84-BE97-1C04AE47D8EF}.Ad-Hoc|ARM.Build.0 = Debug|Any CPU
		{75C0250B-FB14-4D84-BE97-1C04AE47D8EF}.Ad-Hoc|iPhone.ActiveCfg = Debug|Any CPU
		{75C0250B-FB14-4D84-BE97-1C04AE47D8EF}.Ad-Hoc|iPhone.Build.0 = Debug|Any CPU
		{75C0250B-FB14-4D84-BE97-1C04AE47D8EF}.Ad-Hoc|iPhoneSimulator.ActiveCfg = Debug|Any CPU
		{75C0250B-FB14-4D84-BE97-1C04AE47D8EF}.Ad-Hoc|iPhoneSimulator.Build.0 = Debug|Any CPU
		{75C0250B-FB14-4D84-BE97-1C04AE47D8EF}.Ad-Hoc|x64.ActiveCfg = Debug|Any CPU
		{75C0250B-FB14-4D84-BE97-1C04AE47D8EF}.Ad-Hoc|x64.Build.0 = Debug|Any CPU
		{75C0250B-FB14-4D84-BE97-1C04AE47D8EF}.Ad-Hoc|x86.ActiveCfg = Debug|Any CPU
		{75C0250B-FB14-4D84-BE97-1C04AE47D8EF}.Ad-Hoc|x86.Build.0 = Debug|Any CPU
		{75C0250B-FB14-4D84-BE97-1C04AE47D8EF}.AppStore|Any CPU.ActiveCfg = Debug|Any CPU
		{75C0250B-FB14-4D84-BE97-1C04AE47D8EF}.AppStore|Any CPU.Build.0 = Debug|Any CPU
		{75C0250B-FB14-4D84-BE97-1C04AE47D8EF}.AppStore|ARM.ActiveCfg = Debug|Any CPU
		{75C0250B-FB14-4D84-BE97-1C04AE47D8EF}.AppStore|ARM.Build.0 = Debug|Any CPU
		{75C0250B-FB14-4D84-BE97-1C04AE47D8EF}.AppStore|iPhone.ActiveCfg = Debug|Any CPU
		{75C0250B-FB14-4D84-BE97-1C04AE47D8EF}.AppStore|iPhone.Build.0 = Debug|Any CPU
		{75C0250B-FB14-4D84-BE97-1C04AE47D8EF}.AppStore|iPhoneSimulator.ActiveCfg = Debug|Any CPU
		{75C0250B-FB14-4D84-BE97-1C04AE47D8EF}.AppStore|iPhoneSimulator.Build.0 = Debug|Any CPU
		{75C0250B-FB14-4D84-BE97-1C04AE47D8EF}.AppStore|x64.ActiveCfg = Debug|Any CPU
		{75C0250B-FB14-4D84-BE97-1C04AE47D8EF}.AppStore|x64.Build.0 = Debug|Any CPU
		{75C0250B-FB14-4D84-BE97-1C04AE47D8EF}.AppStore|x86.ActiveCfg = Debug|Any CPU
		{75C0250B-FB14-4D84-BE97-1C04AE47D8EF}.AppStore|x86.Build.0 = Debug|Any CPU
		{75C0250B-FB14-4D84-BE97-1C04AE47D8EF}.Debug|Any CPU.ActiveCfg = Debug|Any CPU
		{75C0250B-FB14-4D84-BE97-1C04AE47D8EF}.Debug|Any CPU.Build.0 = Debug|Any CPU
		{75C0250B-FB14-4D84-BE97-1C04AE47D8EF}.Debug|ARM.ActiveCfg = Debug|Any CPU
		{75C0250B-FB14-4D84-BE97-1C04AE47D8EF}.Debug|ARM.Build.0 = Debug|Any CPU
		{75C0250B-FB14-4D84-BE97-1C04AE47D8EF}.Debug|iPhone.ActiveCfg = Debug|Any CPU
		{75C0250B-FB14-4D84-BE97-1C04AE47D8EF}.Debug|iPhone.Build.0 = Debug|Any CPU
		{75C0250B-FB14-4D84-BE97-1C04AE47D8EF}.Debug|iPhoneSimulator.ActiveCfg = Debug|Any CPU
		{75C0250B-FB14-4D84-BE97-1C04AE47D8EF}.Debug|iPhoneSimulator.Build.0 = Debug|Any CPU
		{75C0250B-FB14-4D84-BE97-1C04AE47D8EF}.Debug|x64.ActiveCfg = Debug|Any CPU
		{75C0250B-FB14-4D84-BE97-1C04AE47D8EF}.Debug|x64.Build.0 = Debug|Any CPU
		{75C0250B-FB14-4D84-BE97-1C04AE47D8EF}.Debug|x86.ActiveCfg = Debug|Any CPU
		{75C0250B-FB14-4D84-BE97-1C04AE47D8EF}.Debug|x86.Build.0 = Debug|Any CPU
		{75C0250B-FB14-4D84-BE97-1C04AE47D8EF}.Release|Any CPU.ActiveCfg = Release|Any CPU
		{75C0250B-FB14-4D84-BE97-1C04AE47D8EF}.Release|Any CPU.Build.0 = Release|Any CPU
		{75C0250B-FB14-4D84-BE97-1C04AE47D8EF}.Release|ARM.ActiveCfg = Release|Any CPU
		{75C0250B-FB14-4D84-BE97-1C04AE47D8EF}.Release|ARM.Build.0 = Release|Any CPU
		{75C0250B-FB14-4D84-BE97-1C04AE47D8EF}.Release|iPhone.ActiveCfg = Release|Any CPU
		{75C0250B-FB14-4D84-BE97-1C04AE47D8EF}.Release|iPhone.Build.0 = Release|Any CPU
		{75C0250B-FB14-4D84-BE97-1C04AE47D8EF}.Release|iPhoneSimulator.ActiveCfg = Release|Any CPU
		{75C0250B-FB14-4D84-BE97-1C04AE47D8EF}.Release|iPhoneSimulator.Build.0 = Release|Any CPU
		{75C0250B-FB14-4D84-BE97-1C04AE47D8EF}.Release|x64.ActiveCfg = Release|Any CPU
		{75C0250B-FB14-4D84-BE97-1C04AE47D8EF}.Release|x64.Build.0 = Release|Any CPU
		{75C0250B-FB14-4D84-BE97-1C04AE47D8EF}.Release|x86.ActiveCfg = Release|Any CPU
		{75C0250B-FB14-4D84-BE97-1C04AE47D8EF}.Release|x86.Build.0 = Release|Any CPU
	EndGlobalSection
	GlobalSection(SolutionProperties) = preSolution
		HideSolutionNode = FALSE
	EndGlobalSection
	GlobalSection(ExtensibilityGlobals) = postSolution
		SolutionGuid = {0EF2E371-A63C-454A-9B12-14545D18F36C}
	EndGlobalSection
EndGlobal
