
Microsoft Visual Studio Solution File, Format Version 12.00
# Visual Studio 15
VisualStudioVersion = 15.0.27428.2002
MinimumVisualStudioVersion = 10.0.40219.1
Project("{FAE04EC0-301F-11D3-BF4B-00C04F79EFBC}") = "MealPrepPlanner.Android", "MealPrepPlanner\MealPrepPlanner.Android\MealPrepPlanner.Android.csproj", "{457C7AD5-7CF9-4D66-A150-C29F8D9BC6B0}"
EndProject
Project("{FAE04EC0-301F-11D3-BF4B-00C04F79EFBC}") = "MealPrepPlanner.iOS", "MealPrepPlanner\MealPrepPlanner.iOS\MealPrepPlanner.iOS.csproj", "{B881B3C7-17E0-481D-BF72-AB5EAB3C8720}"
EndProject
Project("{FAE04EC0-301F-11D3-BF4B-00C04F79EFBC}") = "MealPrepPlanner.UWP", "MealPrepPlanner\MealPrepPlanner.UWP\MealPrepPlanner.UWP.csproj", "{9F3837CF-F433-497C-BAD4-AE9512E540B9}"
EndProject
Project("{D954291E-2A0B-460D-934E-DC6B0785DB48}") = "MealPrepPlanner", "MealPrepPlanner\MealPrepPlanner\MealPrepPlanner.shproj", "{1E022F68-8C72-49FC-8A8A-B088643207A2}"
EndProject
Global
	GlobalSection(SharedMSBuildProjectFiles) = preSolution
		MealPrepPlanner\MealPrepPlanner\MealPrepPlanner.projitems*{1e022f68-8c72-49fc-8a8a-b088643207a2}*SharedItemsImports = 13
		MealPrepPlanner\MealPrepPlanner\MealPrepPlanner.projitems*{457c7ad5-7cf9-4d66-a150-c29f8d9bc6b0}*SharedItemsImports = 4
		MealPrepPlanner\MealPrepPlanner\MealPrepPlanner.projitems*{9f3837cf-f433-497c-bad4-ae9512e540b9}*SharedItemsImports = 4
		MealPrepPlanner\MealPrepPlanner\MealPrepPlanner.projitems*{b881b3c7-17e0-481d-bf72-ab5eab3c8720}*SharedItemsImports = 4
	EndGlobalSection
	GlobalSection(SolutionConfigurationPlatforms) = preSolution
		Ad-Hoc|Any CPU = Ad-Hoc|Any CPU
		Ad-Hoc|ARM = Ad-Hoc|ARM
		Ad-Hoc|iPhone = Ad-Hoc|iPhone
		Ad-Hoc|iPhoneSimulator = Ad-Hoc|iPhoneSimulator
		Ad-Hoc|x64 = Ad-Hoc|x64
		Ad-Hoc|x86 = Ad-Hoc|x86
		AppStore|Any CPU = AppStore|Any CPU
		AppStore|ARM = AppStore|ARM
		AppStore|iPhone = AppStore|iPhone
		AppStore|iPhoneSimulator = AppStore|iPhoneSimulator
		AppStore|x64 = AppStore|x64
		AppStore|x86 = AppStore|x86
		Debug|Any CPU = Debug|Any CPU
		Debug|ARM = Debug|ARM
		Debug|iPhone = Debug|iPhone
		Debug|iPhoneSimulator = Debug|iPhoneSimulator
		Debug|x64 = Debug|x64
		Debug|x86 = Debug|x86
		Release|Any CPU = Release|Any CPU
		Release|ARM = Release|ARM
		Release|iPhone = Release|iPhone
		Release|iPhoneSimulator = Release|iPhoneSimulator
		Release|x64 = Release|x64
		Release|x86 = Release|x86
	EndGlobalSection
	GlobalSection(ProjectConfigurationPlatforms) = postSolution
		{457C7AD5-7CF9-4D66-A150-C29F8D9BC6B0}.Ad-Hoc|Any CPU.ActiveCfg = Release|Any CPU
		{457C7AD5-7CF9-4D66-A150-C29F8D9BC6B0}.Ad-Hoc|Any CPU.Build.0 = Release|Any CPU
		{457C7AD5-7CF9-4D66-A150-C29F8D9BC6B0}.Ad-Hoc|Any CPU.Deploy.0 = Release|Any CPU
		{457C7AD5-7CF9-4D66-A150-C29F8D9BC6B0}.Ad-Hoc|ARM.ActiveCfg = Release|Any CPU
		{457C7AD5-7CF9-4D66-A150-C29F8D9BC6B0}.Ad-Hoc|ARM.Build.0 = Release|Any CPU
		{457C7AD5-7CF9-4D66-A150-C29F8D9BC6B0}.Ad-Hoc|ARM.Deploy.0 = Release|Any CPU
		{457C7AD5-7CF9-4D66-A150-C29F8D9BC6B0}.Ad-Hoc|iPhone.ActiveCfg = Release|Any CPU
		{457C7AD5-7CF9-4D66-A150-C29F8D9BC6B0}.Ad-Hoc|iPhone.Build.0 = Release|Any CPU
		{457C7AD5-7CF9-4D66-A150-C29F8D9BC6B0}.Ad-Hoc|iPhone.Deploy.0 = Release|Any CPU
		{457C7AD5-7CF9-4D66-A150-C29F8D9BC6B0}.Ad-Hoc|iPhoneSimulator.ActiveCfg = Release|Any CPU
		{457C7AD5-7CF9-4D66-A150-C29F8D9BC6B0}.Ad-Hoc|iPhoneSimulator.Build.0 = Release|Any CPU
		{457C7AD5-7CF9-4D66-A150-C29F8D9BC6B0}.Ad-Hoc|iPhoneSimulator.Deploy.0 = Release|Any CPU
		{457C7AD5-7CF9-4D66-A150-C29F8D9BC6B0}.Ad-Hoc|x64.ActiveCfg = Release|Any CPU
		{457C7AD5-7CF9-4D66-A150-C29F8D9BC6B0}.Ad-Hoc|x64.Build.0 = Release|Any CPU
		{457C7AD5-7CF9-4D66-A150-C29F8D9BC6B0}.Ad-Hoc|x64.Deploy.0 = Release|Any CPU
		{457C7AD5-7CF9-4D66-A150-C29F8D9BC6B0}.Ad-Hoc|x86.ActiveCfg = Release|Any CPU
		{457C7AD5-7CF9-4D66-A150-C29F8D9BC6B0}.Ad-Hoc|x86.Build.0 = Release|Any CPU
		{457C7AD5-7CF9-4D66-A150-C29F8D9BC6B0}.Ad-Hoc|x86.Deploy.0 = Release|Any CPU
		{457C7AD5-7CF9-4D66-A150-C29F8D9BC6B0}.AppStore|Any CPU.ActiveCfg = Release|Any CPU
		{457C7AD5-7CF9-4D66-A150-C29F8D9BC6B0}.AppStore|Any CPU.Build.0 = Release|Any CPU
		{457C7AD5-7CF9-4D66-A150-C29F8D9BC6B0}.AppStore|Any CPU.Deploy.0 = Release|Any CPU
		{457C7AD5-7CF9-4D66-A150-C29F8D9BC6B0}.AppStore|ARM.ActiveCfg = Release|Any CPU
		{457C7AD5-7CF9-4D66-A150-C29F8D9BC6B0}.AppStore|ARM.Build.0 = Release|Any CPU
		{457C7AD5-7CF9-4D66-A150-C29F8D9BC6B0}.AppStore|ARM.Deploy.0 = Release|Any CPU
		{457C7AD5-7CF9-4D66-A150-C29F8D9BC6B0}.AppStore|iPhone.ActiveCfg = Release|Any CPU
		{457C7AD5-7CF9-4D66-A150-C29F8D9BC6B0}.AppStore|iPhone.Build.0 = Release|Any CPU
		{457C7AD5-7CF9-4D66-A150-C29F8D9BC6B0}.AppStore|iPhone.Deploy.0 = Release|Any CPU
		{457C7AD5-7CF9-4D66-A150-C29F8D9BC6B0}.AppStore|iPhoneSimulator.ActiveCfg = Release|Any CPU
		{457C7AD5-7CF9-4D66-A150-C29F8D9BC6B0}.AppStore|iPhoneSimulator.Build.0 = Release|Any CPU
		{457C7AD5-7CF9-4D66-A150-C29F8D9BC6B0}.AppStore|iPhoneSimulator.Deploy.0 = Release|Any CPU
		{457C7AD5-7CF9-4D66-A150-C29F8D9BC6B0}.AppStore|x64.ActiveCfg = Release|Any CPU
		{457C7AD5-7CF9-4D66-A150-C29F8D9BC6B0}.AppStore|x64.Build.0 = Release|Any CPU
		{457C7AD5-7CF9-4D66-A150-C29F8D9BC6B0}.AppStore|x64.Deploy.0 = Release|Any CPU
		{457C7AD5-7CF9-4D66-A150-C29F8D9BC6B0}.AppStore|x86.ActiveCfg = Release|Any CPU
		{457C7AD5-7CF9-4D66-A150-C29F8D9BC6B0}.AppStore|x86.Build.0 = Release|Any CPU
		{457C7AD5-7CF9-4D66-A150-C29F8D9BC6B0}.AppStore|x86.Deploy.0 = Release|Any CPU
		{457C7AD5-7CF9-4D66-A150-C29F8D9BC6B0}.Debug|Any CPU.ActiveCfg = Debug|Any CPU
		{457C7AD5-7CF9-4D66-A150-C29F8D9BC6B0}.Debug|Any CPU.Build.0 = Debug|Any CPU
		{457C7AD5-7CF9-4D66-A150-C29F8D9BC6B0}.Debug|Any CPU.Deploy.0 = Debug|Any CPU
		{457C7AD5-7CF9-4D66-A150-C29F8D9BC6B0}.Debug|ARM.ActiveCfg = Debug|Any CPU
		{457C7AD5-7CF9-4D66-A150-C29F8D9BC6B0}.Debug|ARM.Build.0 = Debug|Any CPU
		{457C7AD5-7CF9-4D66-A150-C29F8D9BC6B0}.Debug|ARM.Deploy.0 = Debug|Any CPU
		{457C7AD5-7CF9-4D66-A150-C29F8D9BC6B0}.Debug|iPhone.ActiveCfg = Debug|Any CPU
		{457C7AD5-7CF9-4D66-A150-C29F8D9BC6B0}.Debug|iPhone.Build.0 = Debug|Any CPU
		{457C7AD5-7CF9-4D66-A150-C29F8D9BC6B0}.Debug|iPhone.Deploy.0 = Debug|Any CPU
		{457C7AD5-7CF9-4D66-A150-C29F8D9BC6B0}.Debug|iPhoneSimulator.ActiveCfg = Debug|Any CPU
		{457C7AD5-7CF9-4D66-A150-C29F8D9BC6B0}.Debug|iPhoneSimulator.Build.0 = Debug|Any CPU
		{457C7AD5-7CF9-4D66-A150-C29F8D9BC6B0}.Debug|iPhoneSimulator.Deploy.0 = Debug|Any CPU
		{457C7AD5-7CF9-4D66-A150-C29F8D9BC6B0}.Debug|x64.ActiveCfg = Debug|Any CPU
		{457C7AD5-7CF9-4D66-A150-C29F8D9BC6B0}.Debug|x64.Build.0 = Debug|Any CPU
		{457C7AD5-7CF9-4D66-A150-C29F8D9BC6B0}.Debug|x64.Deploy.0 = Debug|Any CPU
		{457C7AD5-7CF9-4D66-A150-C29F8D9BC6B0}.Debug|x86.ActiveCfg = Debug|Any CPU
		{457C7AD5-7CF9-4D66-A150-C29F8D9BC6B0}.Debug|x86.Build.0 = Debug|Any CPU
		{457C7AD5-7CF9-4D66-A150-C29F8D9BC6B0}.Debug|x86.Deploy.0 = Debug|Any CPU
		{457C7AD5-7CF9-4D66-A150-C29F8D9BC6B0}.Release|Any CPU.ActiveCfg = Release|Any CPU
		{457C7AD5-7CF9-4D66-A150-C29F8D9BC6B0}.Release|Any CPU.Build.0 = Release|Any CPU
		{457C7AD5-7CF9-4D66-A150-C29F8D9BC6B0}.Release|Any CPU.Deploy.0 = Release|Any CPU
		{457C7AD5-7CF9-4D66-A150-C29F8D9BC6B0}.Release|ARM.ActiveCfg = Release|Any CPU
		{457C7AD5-7CF9-4D66-A150-C29F8D9BC6B0}.Release|ARM.Build.0 = Release|Any CPU
		{457C7AD5-7CF9-4D66-A150-C29F8D9BC6B0}.Release|ARM.Deploy.0 = Release|Any CPU
		{457C7AD5-7CF9-4D66-A150-C29F8D9BC6B0}.Release|iPhone.ActiveCfg = Release|Any CPU
		{457C7AD5-7CF9-4D66-A150-C29F8D9BC6B0}.Release|iPhone.Build.0 = Release|Any CPU
		{457C7AD5-7CF9-4D66-A150-C29F8D9BC6B0}.Release|iPhone.Deploy.0 = Release|Any CPU
		{457C7AD5-7CF9-4D66-A150-C29F8D9BC6B0}.Release|iPhoneSimulator.ActiveCfg = Release|Any CPU
		{457C7AD5-7CF9-4D66-A150-C29F8D9BC6B0}.Release|iPhoneSimulator.Build.0 = Release|Any CPU
		{457C7AD5-7CF9-4D66-A150-C29F8D9BC6B0}.Release|iPhoneSimulator.Deploy.0 = Release|Any CPU
		{457C7AD5-7CF9-4D66-A150-C29F8D9BC6B0}.Release|x64.ActiveCfg = Release|Any CPU
		{457C7AD5-7CF9-4D66-A150-C29F8D9BC6B0}.Release|x64.Build.0 = Release|Any CPU
		{457C7AD5-7CF9-4D66-A150-C29F8D9BC6B0}.Release|x64.Deploy.0 = Release|Any CPU
		{457C7AD5-7CF9-4D66-A150-C29F8D9BC6B0}.Release|x86.ActiveCfg = Release|Any CPU
		{457C7AD5-7CF9-4D66-A150-C29F8D9BC6B0}.Release|x86.Build.0 = Release|Any CPU
		{457C7AD5-7CF9-4D66-A150-C29F8D9BC6B0}.Release|x86.Deploy.0 = Release|Any CPU
		{B881B3C7-17E0-481D-BF72-AB5EAB3C8720}.Ad-Hoc|Any CPU.ActiveCfg = Ad-Hoc|iPhone
		{B881B3C7-17E0-481D-BF72-AB5EAB3C8720}.Ad-Hoc|ARM.ActiveCfg = Ad-Hoc|iPhone
		{B881B3C7-17E0-481D-BF72-AB5EAB3C8720}.Ad-Hoc|iPhone.ActiveCfg = Ad-Hoc|iPhone
		{B881B3C7-17E0-481D-BF72-AB5EAB3C8720}.Ad-Hoc|iPhone.Build.0 = Ad-Hoc|iPhone
		{B881B3C7-17E0-481D-BF72-AB5EAB3C8720}.Ad-Hoc|iPhoneSimulator.ActiveCfg = Ad-Hoc|iPhoneSimulator
		{B881B3C7-17E0-481D-BF72-AB5EAB3C8720}.Ad-Hoc|iPhoneSimulator.Build.0 = Ad-Hoc|iPhoneSimulator
		{B881B3C7-17E0-481D-BF72-AB5EAB3C8720}.Ad-Hoc|x64.ActiveCfg = Ad-Hoc|iPhone
		{B881B3C7-17E0-481D-BF72-AB5EAB3C8720}.Ad-Hoc|x86.ActiveCfg = Ad-Hoc|iPhone
		{B881B3C7-17E0-481D-BF72-AB5EAB3C8720}.AppStore|Any CPU.ActiveCfg = AppStore|iPhone
		{B881B3C7-17E0-481D-BF72-AB5EAB3C8720}.AppStore|ARM.ActiveCfg = AppStore|iPhone
		{B881B3C7-17E0-481D-BF72-AB5EAB3C8720}.AppStore|iPhone.ActiveCfg = AppStore|iPhone
		{B881B3C7-17E0-481D-BF72-AB5EAB3C8720}.AppStore|iPhone.Build.0 = AppStore|iPhone
		{B881B3C7-17E0-481D-BF72-AB5EAB3C8720}.AppStore|iPhoneSimulator.ActiveCfg = AppStore|iPhoneSimulator
		{B881B3C7-17E0-481D-BF72-AB5EAB3C8720}.AppStore|iPhoneSimulator.Build.0 = AppStore|iPhoneSimulator
		{B881B3C7-17E0-481D-BF72-AB5EAB3C8720}.AppStore|x64.ActiveCfg = AppStore|iPhone
		{B881B3C7-17E0-481D-BF72-AB5EAB3C8720}.AppStore|x86.ActiveCfg = AppStore|iPhone
		{B881B3C7-17E0-481D-BF72-AB5EAB3C8720}.Debug|Any CPU.ActiveCfg = Debug|iPhone
		{B881B3C7-17E0-481D-BF72-AB5EAB3C8720}.Debug|ARM.ActiveCfg = Debug|iPhone
		{B881B3C7-17E0-481D-BF72-AB5EAB3C8720}.Debug|iPhone.ActiveCfg = Debug|iPhone
		{B881B3C7-17E0-481D-BF72-AB5EAB3C8720}.Debug|iPhone.Build.0 = Debug|iPhone
		{B881B3C7-17E0-481D-BF72-AB5EAB3C8720}.Debug|iPhoneSimulator.ActiveCfg = Debug|iPhoneSimulator
		{B881B3C7-17E0-481D-BF72-AB5EAB3C8720}.Debug|iPhoneSimulator.Build.0 = Debug|iPhoneSimulator
		{B881B3C7-17E0-481D-BF72-AB5EAB3C8720}.Debug|x64.ActiveCfg = Debug|iPhone
		{B881B3C7-17E0-481D-BF72-AB5EAB3C8720}.Debug|x86.ActiveCfg = Debug|iPhone
		{B881B3C7-17E0-481D-BF72-AB5EAB3C8720}.Release|Any CPU.ActiveCfg = Release|iPhone
		{B881B3C7-17E0-481D-BF72-AB5EAB3C8720}.Release|ARM.ActiveCfg = Release|iPhone
		{B881B3C7-17E0-481D-BF72-AB5EAB3C8720}.Release|iPhone.ActiveCfg = Release|iPhone
		{B881B3C7-17E0-481D-BF72-AB5EAB3C8720}.Release|iPhone.Build.0 = Release|iPhone
		{B881B3C7-17E0-481D-BF72-AB5EAB3C8720}.Release|iPhoneSimulator.ActiveCfg = Release|iPhoneSimulator
		{B881B3C7-17E0-481D-BF72-AB5EAB3C8720}.Release|iPhoneSimulator.Build.0 = Release|iPhoneSimulator
		{B881B3C7-17E0-481D-BF72-AB5EAB3C8720}.Release|x64.ActiveCfg = Release|iPhone
		{B881B3C7-17E0-481D-BF72-AB5EAB3C8720}.Release|x86.ActiveCfg = Release|iPhone
		{9F3837CF-F433-497C-BAD4-AE9512E540B9}.Ad-Hoc|Any CPU.ActiveCfg = Release|x86
		{9F3837CF-F433-497C-BAD4-AE9512E540B9}.Ad-Hoc|Any CPU.Build.0 = Release|x86
		{9F3837CF-F433-497C-BAD4-AE9512E540B9}.Ad-Hoc|Any CPU.Deploy.0 = Release|x86
		{9F3837CF-F433-497C-BAD4-AE9512E540B9}.Ad-Hoc|ARM.ActiveCfg = Release|ARM
		{9F3837CF-F433-497C-BAD4-AE9512E540B9}.Ad-Hoc|ARM.Build.0 = Release|ARM
		{9F3837CF-F433-497C-BAD4-AE9512E540B9}.Ad-Hoc|ARM.Deploy.0 = Release|ARM
		{9F3837CF-F433-497C-BAD4-AE9512E540B9}.Ad-Hoc|iPhone.ActiveCfg = Release|x86
		{9F3837CF-F433-497C-BAD4-AE9512E540B9}.Ad-Hoc|iPhone.Build.0 = Release|x86
		{9F3837CF-F433-497C-BAD4-AE9512E540B9}.Ad-Hoc|iPhone.Deploy.0 = Release|x86
		{9F3837CF-F433-497C-BAD4-AE9512E540B9}.Ad-Hoc|iPhoneSimulator.ActiveCfg = Release|x86
		{9F3837CF-F433-497C-BAD4-AE9512E540B9}.Ad-Hoc|iPhoneSimulator.Build.0 = Release|x86
		{9F3837CF-F433-497C-BAD4-AE9512E540B9}.Ad-Hoc|iPhoneSimulator.Deploy.0 = Release|x86
		{9F3837CF-F433-497C-BAD4-AE9512E540B9}.Ad-Hoc|x64.ActiveCfg = Release|x64
		{9F3837CF-F433-497C-BAD4-AE9512E540B9}.Ad-Hoc|x64.Build.0 = Release|x64
		{9F3837CF-F433-497C-BAD4-AE9512E540B9}.Ad-Hoc|x64.Deploy.0 = Release|x64
		{9F3837CF-F433-497C-BAD4-AE9512E540B9}.Ad-Hoc|x86.ActiveCfg = Release|x86
		{9F3837CF-F433-497C-BAD4-AE9512E540B9}.Ad-Hoc|x86.Build.0 = Release|x86
		{9F3837CF-F433-497C-BAD4-AE9512E540B9}.Ad-Hoc|x86.Deploy.0 = Release|x86
		{9F3837CF-F433-497C-BAD4-AE9512E540B9}.AppStore|Any CPU.ActiveCfg = Release|x86
		{9F3837CF-F433-497C-BAD4-AE9512E540B9}.AppStore|Any CPU.Build.0 = Release|x86
		{9F3837CF-F433-497C-BAD4-AE9512E540B9}.AppStore|Any CPU.Deploy.0 = Release|x86
		{9F3837CF-F433-497C-BAD4-AE9512E540B9}.AppStore|ARM.ActiveCfg = Release|ARM
		{9F3837CF-F433-497C-BAD4-AE9512E540B9}.AppStore|ARM.Build.0 = Release|ARM
		{9F3837CF-F433-497C-BAD4-AE9512E540B9}.AppStore|ARM.Deploy.0 = Release|ARM
		{9F3837CF-F433-497C-BAD4-AE9512E540B9}.AppStore|iPhone.ActiveCfg = Release|x86
		{9F3837CF-F433-497C-BAD4-AE9512E540B9}.AppStore|iPhone.Build.0 = Release|x86
		{9F3837CF-F433-497C-BAD4-AE9512E540B9}.AppStore|iPhone.Deploy.0 = Release|x86
		{9F3837CF-F433-497C-BAD4-AE9512E540B9}.AppStore|iPhoneSimulator.ActiveCfg = Release|x86
		{9F3837CF-F433-497C-BAD4-AE9512E540B9}.AppStore|iPhoneSimulator.Build.0 = Release|x86
		{9F3837CF-F433-497C-BAD4-AE9512E540B9}.AppStore|iPhoneSimulator.Deploy.0 = Release|x86
		{9F3837CF-F433-497C-BAD4-AE9512E540B9}.AppStore|x64.ActiveCfg = Release|x64
		{9F3837CF-F433-497C-BAD4-AE9512E540B9}.AppStore|x64.Build.0 = Release|x64
		{9F3837CF-F433-497C-BAD4-AE9512E540B9}.AppStore|x64.Deploy.0 = Release|x64
		{9F3837CF-F433-497C-BAD4-AE9512E540B9}.AppStore|x86.ActiveCfg = Release|x86
		{9F3837CF-F433-497C-BAD4-AE9512E540B9}.AppStore|x86.Build.0 = Release|x86
		{9F3837CF-F433-497C-BAD4-AE9512E540B9}.AppStore|x86.Deploy.0 = Release|x86
		{9F3837CF-F433-497C-BAD4-AE9512E540B9}.Debug|Any CPU.ActiveCfg = Debug|x86
		{9F3837CF-F433-497C-BAD4-AE9512E540B9}.Debug|ARM.ActiveCfg = Debug|ARM
		{9F3837CF-F433-497C-BAD4-AE9512E540B9}.Debug|ARM.Build.0 = Debug|ARM
		{9F3837CF-F433-497C-BAD4-AE9512E540B9}.Debug|ARM.Deploy.0 = Debug|ARM
		{9F3837CF-F433-497C-BAD4-AE9512E540B9}.Debug|iPhone.ActiveCfg = Debug|x86
		{9F3837CF-F433-497C-BAD4-AE9512E540B9}.Debug|iPhoneSimulator.ActiveCfg = Debug|x86
		{9F3837CF-F433-497C-BAD4-AE9512E540B9}.Debug|x64.ActiveCfg = Debug|x64
		{9F3837CF-F433-497C-BAD4-AE9512E540B9}.Debug|x64.Build.0 = Debug|x64
		{9F3837CF-F433-497C-BAD4-AE9512E540B9}.Debug|x64.Deploy.0 = Debug|x64
		{9F3837CF-F433-497C-BAD4-AE9512E540B9}.Debug|x86.ActiveCfg = Debug|x86
		{9F3837CF-F433-497C-BAD4-AE9512E540B9}.Debug|x86.Build.0 = Debug|x86
		{9F3837CF-F433-497C-BAD4-AE9512E540B9}.Debug|x86.Deploy.0 = Debug|x86
		{9F3837CF-F433-497C-BAD4-AE9512E540B9}.Release|Any CPU.ActiveCfg = Release|x86
		{9F3837CF-F433-497C-BAD4-AE9512E540B9}.Release|ARM.ActiveCfg = Release|ARM
		{9F3837CF-F433-497C-BAD4-AE9512E540B9}.Release|ARM.Build.0 = Release|ARM
		{9F3837CF-F433-497C-BAD4-AE9512E540B9}.Release|ARM.Deploy.0 = Release|ARM
		{9F3837CF-F433-497C-BAD4-AE9512E540B9}.Release|iPhone.ActiveCfg = Release|x86
		{9F3837CF-F433-497C-BAD4-AE9512E540B9}.Release|iPhoneSimulator.ActiveCfg = Release|x86
		{9F3837CF-F433-497C-BAD4-AE9512E540B9}.Release|x64.ActiveCfg = Release|x64
		{9F3837CF-F433-497C-BAD4-AE9512E540B9}.Release|x64.Build.0 = Release|x64
		{9F3837CF-F433-497C-BAD4-AE9512E540B9}.Release|x64.Deploy.0 = Release|x64
		{9F3837CF-F433-497C-BAD4-AE9512E540B9}.Release|x86.ActiveCfg = Release|x86
		{9F3837CF-F433-497C-BAD4-AE9512E540B9}.Release|x86.Build.0 = Release|x86
		{9F3837CF-F433-497C-BAD4-AE9512E540B9}.Release|x86.Deploy.0 = Release|x86
	EndGlobalSection
	GlobalSection(SolutionProperties) = preSolution
		HideSolutionNode = FALSE
	EndGlobalSection
	GlobalSection(ExtensibilityGlobals) = postSolution
		SolutionGuid = {0EF2E371-A63C-454A-9B12-14545D18F36C}
	EndGlobalSection
EndGlobal
